// !$*UTF8*$!
{
	archiveVersion = 1;
	classes = {
	};
	objectVersion = 44;
	objects = {

/* Begin PBXBuildFile section */
		4DE339F70D74FCDD00ADB6EE /* rb_main.rb in Resources */ = {isa = PBXBuildFile; fileRef = 4DE339F60D74FCDD00ADB6EE /* rb_main.rb */; };
		4DE3BE140D8651D900ECA448 /* MacRuby.framework in Frameworks */ = {isa = PBXBuildFile; fileRef = 4DE3BE130D8651D900ECA448 /* MacRuby.framework */; };
		7931E59C10FD45A400175784 /* MachOClassesSection64MO.m in Sources */ = {isa = PBXBuildFile; fileRef = 7931E59B10FD45A400175784 /* MachOClassesSection64MO.m */; };
		7931E59E10FD45A500175784 /* MachOClassesSectionMO.m in Sources */ = {isa = PBXBuildFile; fileRef = 7931E59D10FD45A400175784 /* MachOClassesSectionMO.m */; };
		7931E5A010FD45A500175784 /* MachOCommandMO.m in Sources */ = {isa = PBXBuildFile; fileRef = 7931E59F10FD45A500175784 /* MachOCommandMO.m */; };
		7931E5A210FD45A600175784 /* MachOFileMO.m in Sources */ = {isa = PBXBuildFile; fileRef = 7931E5A110FD45A500175784 /* MachOFileMO.m */; };
		7931E5A410FD45A600175784 /* MachOHeaderMO.m in Sources */ = {isa = PBXBuildFile; fileRef = 7931E5A310FD45A600175784 /* MachOHeaderMO.m */; };
		7931E5A610FD45A700175784 /* MachOSection32MO.m in Sources */ = {isa = PBXBuildFile; fileRef = 7931E5A510FD45A600175784 /* MachOSection32MO.m */; };
		7931E5A810FD45A700175784 /* MachOSection64MO.m in Sources */ = {isa = PBXBuildFile; fileRef = 7931E5A710FD45A700175784 /* MachOSection64MO.m */; };
		7931E5AA10FD45A700175784 /* MachOSectionMO.m in Sources */ = {isa = PBXBuildFile; fileRef = 7931E5A910FD45A700175784 /* MachOSectionMO.m */; };
		7931E5AC10FD45A800175784 /* MachOSegmentCommandMO.m in Sources */ = {isa = PBXBuildFile; fileRef = 7931E5AB10FD45A800175784 /* MachOSegmentCommandMO.m */; };
		7931E5B710FD45AB00175784 /* _MachOClassesSection64MO.m in Sources */ = {isa = PBXBuildFile; fileRef = 7931E5B610FD45AB00175784 /* _MachOClassesSection64MO.m */; };
		7931E5B910FD45AC00175784 /* _MachOClassesSectionMO.m in Sources */ = {isa = PBXBuildFile; fileRef = 7931E5B810FD45AC00175784 /* _MachOClassesSectionMO.m */; };
		7931E5BB10FD45AE00175784 /* _MachOCommandMO.m in Sources */ = {isa = PBXBuildFile; fileRef = 7931E5BA10FD45AC00175784 /* _MachOCommandMO.m */; };
		7931E5BD10FD45AE00175784 /* _MachOFileMO.m in Sources */ = {isa = PBXBuildFile; fileRef = 7931E5BC10FD45AE00175784 /* _MachOFileMO.m */; };
		7931E5BF10FD45AF00175784 /* _MachOHeaderMO.m in Sources */ = {isa = PBXBuildFile; fileRef = 7931E5BE10FD45AF00175784 /* _MachOHeaderMO.m */; };
		7931E5C110FD45AF00175784 /* _MachOSection32MO.m in Sources */ = {isa = PBXBuildFile; fileRef = 7931E5C010FD45AF00175784 /* _MachOSection32MO.m */; };
		7931E5C310FD45B000175784 /* _MachOSection64MO.m in Sources */ = {isa = PBXBuildFile; fileRef = 7931E5C210FD45B000175784 /* _MachOSection64MO.m */; };
		7931E5C510FD45B100175784 /* _MachOSectionMO.m in Sources */ = {isa = PBXBuildFile; fileRef = 7931E5C410FD45B000175784 /* _MachOSectionMO.m */; };
		7931E5C710FD45B100175784 /* _MachOSegmentCommandMO.m in Sources */ = {isa = PBXBuildFile; fileRef = 7931E5C610FD45B100175784 /* _MachOSegmentCommandMO.m */; };
		794A40E610E8103100A8DE20 /* MagicHat_DataModel.xcdatamodel in Sources */ = {isa = PBXBuildFile; fileRef = 794A40E510E8103100A8DE20 /* MagicHat_DataModel.xcdatamodel */; };
		794A411D10E8113700A8DE20 /* magichat.icns in Resources */ = {isa = PBXBuildFile; fileRef = 794A411C10E8113700A8DE20 /* magichat.icns */; };
		794A415010E812BF00A8DE20 /* ofile.c in Sources */ = {isa = PBXBuildFile; fileRef = 794A414F10E812BF00A8DE20 /* ofile.c */; };
		794A415210E812CD00A8DE20 /* bytesex.c in Sources */ = {isa = PBXBuildFile; fileRef = 794A415110E812CD00A8DE20 /* bytesex.c */; };
		794A415410E812DC00A8DE20 /* allocate.c in Sources */ = {isa = PBXBuildFile; fileRef = 794A415310E812DC00A8DE20 /* allocate.c */; };
		794A415610E812E400A8DE20 /* errors.c in Sources */ = {isa = PBXBuildFile; fileRef = 794A415510E812E400A8DE20 /* errors.c */; };
		794A415810E812EB00A8DE20 /* set_arch_flag_name.c in Sources */ = {isa = PBXBuildFile; fileRef = 794A415710E812EB00A8DE20 /* set_arch_flag_name.c */; };
		794A415A10E812F200A8DE20 /* ofile_error.c in Sources */ = {isa = PBXBuildFile; fileRef = 794A415910E812F200A8DE20 /* ofile_error.c */; };
		794A415C10E8130700A8DE20 /* get_arch_from_host.c in Sources */ = {isa = PBXBuildFile; fileRef = 794A415B10E8130700A8DE20 /* get_arch_from_host.c */; };
		794A415E10E8130B00A8DE20 /* fatals.c in Sources */ = {isa = PBXBuildFile; fileRef = 794A415D10E8130B00A8DE20 /* fatals.c */; };
		794A416010E8130E00A8DE20 /* arch.c in Sources */ = {isa = PBXBuildFile; fileRef = 794A415F10E8130E00A8DE20 /* arch.c */; };
		794A416210E8131400A8DE20 /* print.c in Sources */ = {isa = PBXBuildFile; fileRef = 794A416110E8131400A8DE20 /* print.c */; };
		794A416410E8131900A8DE20 /* swap_headers.c in Sources */ = {isa = PBXBuildFile; fileRef = 794A416310E8131900A8DE20 /* swap_headers.c */; };
		794A416610E8132200A8DE20 /* guess_short_name.c in Sources */ = {isa = PBXBuildFile; fileRef = 794A416510E8132200A8DE20 /* guess_short_name.c */; };
		799CBABD10E89875004D7ED6 /* WebKit.framework in Frameworks */ = {isa = PBXBuildFile; fileRef = 799CBABC10E89875004D7ED6 /* WebKit.framework */; };
		799CBAC410E89940004D7ED6 /* MainMenu.xib in Resources */ = {isa = PBXBuildFile; fileRef = 799CBAC210E89940004D7ED6 /* MainMenu.xib */; };
		79E6D14D10E9C310007BEF81 /* NSString+jr_stringWithUTF8StringmaxLength.m in Sources */ = {isa = PBXBuildFile; fileRef = 79E6D14C10E9C310007BEF81 /* NSString+jr_stringWithUTF8StringmaxLength.m */; };
		79E6D1DA10EAC3A7007BEF81 /* NSString+jr_stringWithUTF8StringmaxLengthTest.m in Sources */ = {isa = PBXBuildFile; fileRef = 79E6D1D910EAC3A7007BEF81 /* NSString+jr_stringWithUTF8StringmaxLengthTest.m */; };
		79E6D22B10EAC716007BEF81 /* NSString+jr_stringWithUTF8StringmaxLength.m in Sources */ = {isa = PBXBuildFile; fileRef = 79E6D14C10E9C310007BEF81 /* NSString+jr_stringWithUTF8StringmaxLength.m */; };
		8D11072B0486CEB800E47090 /* InfoPlist.strings in Resources */ = {isa = PBXBuildFile; fileRef = 089C165CFE840E0CC02AAC07 /* InfoPlist.strings */; };
		8D11072D0486CEB800E47090 /* main.m in Sources */ = {isa = PBXBuildFile; fileRef = 29B97316FDCFA39411CA2CEA /* main.m */; settings = {ATTRIBUTES = (); }; };
		8D11072F0486CEB800E47090 /* Cocoa.framework in Frameworks */ = {isa = PBXBuildFile; fileRef = 1058C7A1FEA54F0111CA2CBB /* Cocoa.framework */; };
		8F0C5D830EADC1EE007FBAA3 /* AppDelegate.rb in Resources */ = {isa = PBXBuildFile; fileRef = 8F0C5D820EADC1EE007FBAA3 /* AppDelegate.rb */; };
/* End PBXBuildFile section */

/* Begin PBXContainerItemProxy section */
		79E6D1AA10EAC311007BEF81 /* PBXContainerItemProxy */ = {
			isa = PBXContainerItemProxy;
			containerPortal = 29B97313FDCFA39411CA2CEA /* Project object */;
			proxyType = 1;
			remoteGlobalIDString = 79E6D1A410EAC304007BEF81;
			remoteInfo = "MagicHat Tests";
		};
/* End PBXContainerItemProxy section */

/* Begin PBXFileReference section */
		089C165DFE840E0CC02AAC07 /* English */ = {isa = PBXFileReference; fileEncoding = 10; lastKnownFileType = text.plist.strings; name = English; path = English.lproj/InfoPlist.strings; sourceTree = "<group>"; };
		1058C7A1FEA54F0111CA2CBB /* Cocoa.framework */ = {isa = PBXFileReference; lastKnownFileType = wrapper.framework; name = Cocoa.framework; path = /System/Library/Frameworks/Cocoa.framework; sourceTree = "<absolute>"; };
		13E42FB307B3F0F600E4EEF1 /* CoreData.framework */ = {isa = PBXFileReference; lastKnownFileType = wrapper.framework; name = CoreData.framework; path = /System/Library/Frameworks/CoreData.framework; sourceTree = "<absolute>"; };
		29B97316FDCFA39411CA2CEA /* main.m */ = {isa = PBXFileReference; fileEncoding = 4; lastKnownFileType = sourcecode.c.objc; path = main.m; sourceTree = "<group>"; };
		29B97324FDCFA39411CA2CEA /* AppKit.framework */ = {isa = PBXFileReference; lastKnownFileType = wrapper.framework; name = AppKit.framework; path = /System/Library/Frameworks/AppKit.framework; sourceTree = "<absolute>"; };
		29B97325FDCFA39411CA2CEA /* Foundation.framework */ = {isa = PBXFileReference; lastKnownFileType = wrapper.framework; name = Foundation.framework; path = /System/Library/Frameworks/Foundation.framework; sourceTree = "<absolute>"; };
		4DE339F60D74FCDD00ADB6EE /* rb_main.rb */ = {isa = PBXFileReference; fileEncoding = 4; lastKnownFileType = text.script.ruby; path = rb_main.rb; sourceTree = "<group>"; };
		4DE3BE130D8651D900ECA448 /* MacRuby.framework */ = {isa = PBXFileReference; lastKnownFileType = wrapper.framework; name = MacRuby.framework; path = /Library/Frameworks/MacRuby.framework; sourceTree = "<absolute>"; };
		7931E59B10FD45A400175784 /* MachOClassesSection64MO.m */ = {isa = PBXFileReference; lastKnownFileType = sourcecode.c.objc; path = MachOClassesSection64MO.m; sourceTree = "<group>"; };
		7931E59D10FD45A400175784 /* MachOClassesSectionMO.m */ = {isa = PBXFileReference; lastKnownFileType = sourcecode.c.objc; path = MachOClassesSectionMO.m; sourceTree = "<group>"; };
		7931E59F10FD45A500175784 /* MachOCommandMO.m */ = {isa = PBXFileReference; lastKnownFileType = sourcecode.c.objc; path = MachOCommandMO.m; sourceTree = "<group>"; };
		7931E5A110FD45A500175784 /* MachOFileMO.m */ = {isa = PBXFileReference; lastKnownFileType = sourcecode.c.objc; path = MachOFileMO.m; sourceTree = "<group>"; };
		7931E5A310FD45A600175784 /* MachOHeaderMO.m */ = {isa = PBXFileReference; lastKnownFileType = sourcecode.c.objc; path = MachOHeaderMO.m; sourceTree = "<group>"; };
		7931E5A510FD45A600175784 /* MachOSection32MO.m */ = {isa = PBXFileReference; lastKnownFileType = sourcecode.c.objc; path = MachOSection32MO.m; sourceTree = "<group>"; };
		7931E5A710FD45A700175784 /* MachOSection64MO.m */ = {isa = PBXFileReference; lastKnownFileType = sourcecode.c.objc; path = MachOSection64MO.m; sourceTree = "<group>"; };
		7931E5A910FD45A700175784 /* MachOSectionMO.m */ = {isa = PBXFileReference; lastKnownFileType = sourcecode.c.objc; path = MachOSectionMO.m; sourceTree = "<group>"; };
		7931E5AB10FD45A800175784 /* MachOSegmentCommandMO.m */ = {isa = PBXFileReference; lastKnownFileType = sourcecode.c.objc; path = MachOSegmentCommandMO.m; sourceTree = "<group>"; };
		7931E5AD10FD45A800175784 /* MachOClassesSection64MO.h */ = {isa = PBXFileReference; lastKnownFileType = sourcecode.c.h; path = MachOClassesSection64MO.h; sourceTree = "<group>"; };
		7931E5AE10FD45A800175784 /* MachOClassesSectionMO.h */ = {isa = PBXFileReference; lastKnownFileType = sourcecode.c.h; path = MachOClassesSectionMO.h; sourceTree = "<group>"; };
		7931E5AF10FD45A900175784 /* MachOCommandMO.h */ = {isa = PBXFileReference; lastKnownFileType = sourcecode.c.h; path = MachOCommandMO.h; sourceTree = "<group>"; };
		7931E5B010FD45A900175784 /* MachOFileMO.h */ = {isa = PBXFileReference; lastKnownFileType = sourcecode.c.h; path = MachOFileMO.h; sourceTree = "<group>"; };
		7931E5B110FD45A900175784 /* MachOHeaderMO.h */ = {isa = PBXFileReference; lastKnownFileType = sourcecode.c.h; path = MachOHeaderMO.h; sourceTree = "<group>"; };
		7931E5B210FD45AA00175784 /* MachOSection32MO.h */ = {isa = PBXFileReference; lastKnownFileType = sourcecode.c.h; path = MachOSection32MO.h; sourceTree = "<group>"; };
		7931E5B310FD45AA00175784 /* MachOSection64MO.h */ = {isa = PBXFileReference; lastKnownFileType = sourcecode.c.h; path = MachOSection64MO.h; sourceTree = "<group>"; };
		7931E5B410FD45AB00175784 /* MachOSectionMO.h */ = {isa = PBXFileReference; lastKnownFileType = sourcecode.c.h; path = MachOSectionMO.h; sourceTree = "<group>"; };
		7931E5B510FD45AB00175784 /* MachOSegmentCommandMO.h */ = {isa = PBXFileReference; lastKnownFileType = sourcecode.c.h; path = MachOSegmentCommandMO.h; sourceTree = "<group>"; };
		7931E5B610FD45AB00175784 /* _MachOClassesSection64MO.m */ = {isa = PBXFileReference; lastKnownFileType = sourcecode.c.objc; path = _MachOClassesSection64MO.m; sourceTree = "<group>"; };
		7931E5B810FD45AC00175784 /* _MachOClassesSectionMO.m */ = {isa = PBXFileReference; lastKnownFileType = sourcecode.c.objc; path = _MachOClassesSectionMO.m; sourceTree = "<group>"; };
		7931E5BA10FD45AC00175784 /* _MachOCommandMO.m */ = {isa = PBXFileReference; lastKnownFileType = sourcecode.c.objc; path = _MachOCommandMO.m; sourceTree = "<group>"; };
		7931E5BC10FD45AE00175784 /* _MachOFileMO.m */ = {isa = PBXFileReference; lastKnownFileType = sourcecode.c.objc; path = _MachOFileMO.m; sourceTree = "<group>"; };
		7931E5BE10FD45AF00175784 /* _MachOHeaderMO.m */ = {isa = PBXFileReference; lastKnownFileType = sourcecode.c.objc; path = _MachOHeaderMO.m; sourceTree = "<group>"; };
		7931E5C010FD45AF00175784 /* _MachOSection32MO.m */ = {isa = PBXFileReference; lastKnownFileType = sourcecode.c.objc; path = _MachOSection32MO.m; sourceTree = "<group>"; };
		7931E5C210FD45B000175784 /* _MachOSection64MO.m */ = {isa = PBXFileReference; lastKnownFileType = sourcecode.c.objc; path = _MachOSection64MO.m; sourceTree = "<group>"; };
		7931E5C410FD45B000175784 /* _MachOSectionMO.m */ = {isa = PBXFileReference; lastKnownFileType = sourcecode.c.objc; path = _MachOSectionMO.m; sourceTree = "<group>"; };
		7931E5C610FD45B100175784 /* _MachOSegmentCommandMO.m */ = {isa = PBXFileReference; lastKnownFileType = sourcecode.c.objc; path = _MachOSegmentCommandMO.m; sourceTree = "<group>"; };
		7931E5C810FD45B100175784 /* _MachOClassesSection64MO.h */ = {isa = PBXFileReference; lastKnownFileType = sourcecode.c.h; path = _MachOClassesSection64MO.h; sourceTree = "<group>"; };
		7931E5C910FD45B200175784 /* _MachOClassesSectionMO.h */ = {isa = PBXFileReference; lastKnownFileType = sourcecode.c.h; path = _MachOClassesSectionMO.h; sourceTree = "<group>"; };
		7931E5CA10FD45B200175784 /* _MachOCommandMO.h */ = {isa = PBXFileReference; lastKnownFileType = sourcecode.c.h; path = _MachOCommandMO.h; sourceTree = "<group>"; };
		7931E5CB10FD45B300175784 /* _MachOFileMO.h */ = {isa = PBXFileReference; lastKnownFileType = sourcecode.c.h; path = _MachOFileMO.h; sourceTree = "<group>"; };
		7931E5CC10FD45B300175784 /* _MachOHeaderMO.h */ = {isa = PBXFileReference; lastKnownFileType = sourcecode.c.h; path = _MachOHeaderMO.h; sourceTree = "<group>"; };
		7931E5CD10FD45B400175784 /* _MachOSection32MO.h */ = {isa = PBXFileReference; lastKnownFileType = sourcecode.c.h; path = _MachOSection32MO.h; sourceTree = "<group>"; };
		7931E5CE10FD45B400175784 /* _MachOSection64MO.h */ = {isa = PBXFileReference; lastKnownFileType = sourcecode.c.h; path = _MachOSection64MO.h; sourceTree = "<group>"; };
		7931E5CF10FD45B400175784 /* _MachOSectionMO.h */ = {isa = PBXFileReference; lastKnownFileType = sourcecode.c.h; path = _MachOSectionMO.h; sourceTree = "<group>"; };
		7931E5D010FD45B500175784 /* _MachOSegmentCommandMO.h */ = {isa = PBXFileReference; lastKnownFileType = sourcecode.c.h; path = _MachOSegmentCommandMO.h; sourceTree = "<group>"; };
		794A40E510E8103100A8DE20 /* MagicHat_DataModel.xcdatamodel */ = {isa = PBXFileReference; comments = xmod; fileEncoding = 4; lastKnownFileType = wrapper.xcdatamodel; path = MagicHat_DataModel.xcdatamodel; sourceTree = "<group>"; };
		794A411C10E8113700A8DE20 /* magichat.icns */ = {isa = PBXFileReference; lastKnownFileType = image.icns; path = magichat.icns; sourceTree = "<group>"; };
		794A414F10E812BF00A8DE20 /* ofile.c */ = {isa = PBXFileReference; fileEncoding = 4; lastKnownFileType = sourcecode.c.c; path = ofile.c; sourceTree = "<group>"; };
		794A415110E812CD00A8DE20 /* bytesex.c */ = {isa = PBXFileReference; fileEncoding = 4; lastKnownFileType = sourcecode.c.c; path = bytesex.c; sourceTree = "<group>"; };
		794A415310E812DC00A8DE20 /* allocate.c */ = {isa = PBXFileReference; fileEncoding = 4; lastKnownFileType = sourcecode.c.c; path = allocate.c; sourceTree = "<group>"; };
		794A415510E812E400A8DE20 /* errors.c */ = {isa = PBXFileReference; fileEncoding = 4; lastKnownFileType = sourcecode.c.c; path = errors.c; sourceTree = "<group>"; };
		794A415710E812EB00A8DE20 /* set_arch_flag_name.c */ = {isa = PBXFileReference; fileEncoding = 4; lastKnownFileType = sourcecode.c.c; path = set_arch_flag_name.c; sourceTree = "<group>"; };
		794A415910E812F200A8DE20 /* ofile_error.c */ = {isa = PBXFileReference; fileEncoding = 4; lastKnownFileType = sourcecode.c.c; path = ofile_error.c; sourceTree = "<group>"; };
		794A415B10E8130700A8DE20 /* get_arch_from_host.c */ = {isa = PBXFileReference; fileEncoding = 4; lastKnownFileType = sourcecode.c.c; path = get_arch_from_host.c; sourceTree = "<group>"; };
		794A415D10E8130B00A8DE20 /* fatals.c */ = {isa = PBXFileReference; fileEncoding = 4; lastKnownFileType = sourcecode.c.c; path = fatals.c; sourceTree = "<group>"; };
		794A415F10E8130E00A8DE20 /* arch.c */ = {isa = PBXFileReference; fileEncoding = 4; lastKnownFileType = sourcecode.c.c; path = arch.c; sourceTree = "<group>"; };
		794A416110E8131400A8DE20 /* print.c */ = {isa = PBXFileReference; fileEncoding = 4; lastKnownFileType = sourcecode.c.c; path = print.c; sourceTree = "<group>"; };
		794A416310E8131900A8DE20 /* swap_headers.c */ = {isa = PBXFileReference; fileEncoding = 4; lastKnownFileType = sourcecode.c.c; path = swap_headers.c; sourceTree = "<group>"; };
		794A416510E8132200A8DE20 /* guess_short_name.c */ = {isa = PBXFileReference; fileEncoding = 4; lastKnownFileType = sourcecode.c.c; path = guess_short_name.c; sourceTree = "<group>"; };
		7989E02210EAE6580074F5D8 /* objc-runtime-new.h */ = {isa = PBXFileReference; fileEncoding = 4; lastKnownFileType = sourcecode.c.h; name = "objc-runtime-new.h"; path = "objc4-437.1/runtime/objc-runtime-new.h"; sourceTree = SOURCE_ROOT; };
		799CBABC10E89875004D7ED6 /* WebKit.framework */ = {isa = PBXFileReference; lastKnownFileType = wrapper.framework; name = WebKit.framework; path = System/Library/Frameworks/WebKit.framework; sourceTree = SDKROOT; };
		799CBAC310E89940004D7ED6 /* English */ = {isa = PBXFileReference; lastKnownFileType = file.xib; name = English; path = English.lproj/MainMenu.xib; sourceTree = "<group>"; };
		799CBB1110E9768B004D7ED6 /* ASSIGN.h */ = {isa = PBXFileReference; fileEncoding = 4; lastKnownFileType = sourcecode.c.h; path = ASSIGN.h; sourceTree = "<group>"; };
		79E6D14B10E9C310007BEF81 /* NSString+jr_stringWithUTF8StringmaxLength.h */ = {isa = PBXFileReference; fileEncoding = 4; lastKnownFileType = sourcecode.c.h; path = "NSString+jr_stringWithUTF8StringmaxLength.h"; sourceTree = "<group>"; };
		79E6D14C10E9C310007BEF81 /* NSString+jr_stringWithUTF8StringmaxLength.m */ = {isa = PBXFileReference; fileEncoding = 4; lastKnownFileType = sourcecode.c.objc; path = "NSString+jr_stringWithUTF8StringmaxLength.m"; sourceTree = "<group>"; };
		79E6D1A510EAC304007BEF81 /* MagicHat Tests.octest */ = {isa = PBXFileReference; explicitFileType = wrapper.cfbundle; includeInIndex = 0; path = "MagicHat Tests.octest"; sourceTree = BUILT_PRODUCTS_DIR; };
		79E6D1A610EAC304007BEF81 /* MagicHat Tests-Info.plist */ = {isa = PBXFileReference; lastKnownFileType = text.plist.xml; path = "MagicHat Tests-Info.plist"; sourceTree = "<group>"; };
		79E6D1D810EAC3A7007BEF81 /* NSString+jr_stringWithUTF8StringmaxLengthTest.h */ = {isa = PBXFileReference; fileEncoding = 4; lastKnownFileType = sourcecode.c.h; path = "NSString+jr_stringWithUTF8StringmaxLengthTest.h"; sourceTree = "<group>"; };
		79E6D1D910EAC3A7007BEF81 /* NSString+jr_stringWithUTF8StringmaxLengthTest.m */ = {isa = PBXFileReference; fileEncoding = 4; lastKnownFileType = sourcecode.c.objc; path = "NSString+jr_stringWithUTF8StringmaxLengthTest.m"; sourceTree = "<group>"; };
		8D1107310486CEB800E47090 /* Info.plist */ = {isa = PBXFileReference; fileEncoding = 4; lastKnownFileType = text.plist.xml; path = Info.plist; sourceTree = "<group>"; };
		8D1107320486CEB800E47090 /* MagicHat.app */ = {isa = PBXFileReference; explicitFileType = wrapper.application; includeInIndex = 0; path = MagicHat.app; sourceTree = BUILT_PRODUCTS_DIR; };
		8F0C5D820EADC1EE007FBAA3 /* AppDelegate.rb */ = {isa = PBXFileReference; fileEncoding = 4; indentWidth = 2; lastKnownFileType = text.script.ruby; path = AppDelegate.rb; sourceTree = "<group>"; tabWidth = 2; };
/* End PBXFileReference section */

/* Begin PBXFrameworksBuildPhase section */
		79E6D1A210EAC304007BEF81 /* Frameworks */ = {
			isa = PBXFrameworksBuildPhase;
			buildActionMask = 2147483647;
			files = (
			);
			runOnlyForDeploymentPostprocessing = 0;
		};
		8D11072E0486CEB800E47090 /* Frameworks */ = {
			isa = PBXFrameworksBuildPhase;
			buildActionMask = 2147483647;
			files = (
				8D11072F0486CEB800E47090 /* Cocoa.framework in Frameworks */,
				4DE3BE140D8651D900ECA448 /* MacRuby.framework in Frameworks */,
				799CBABD10E89875004D7ED6 /* WebKit.framework in Frameworks */,
			);
			runOnlyForDeploymentPostprocessing = 0;
		};
/* End PBXFrameworksBuildPhase section */

/* Begin PBXGroup section */
		080E96DDFE201D6D7F000001 /* Classes */ = {
			isa = PBXGroup;
			children = (
				8F0C5D820EADC1EE007FBAA3 /* AppDelegate.rb */,
				79E6D14B10E9C310007BEF81 /* NSString+jr_stringWithUTF8StringmaxLength.h */,
				79E6D14C10E9C310007BEF81 /* NSString+jr_stringWithUTF8StringmaxLength.m */,
			);
			name = Classes;
			sourceTree = "<group>";
		};
		1058C7A0FEA54F0111CA2CBB /* Linked Frameworks */ = {
			isa = PBXGroup;
			children = (
				4DE3BE130D8651D900ECA448 /* MacRuby.framework */,
				1058C7A1FEA54F0111CA2CBB /* Cocoa.framework */,
				799CBABC10E89875004D7ED6 /* WebKit.framework */,
			);
			name = "Linked Frameworks";
			sourceTree = "<group>";
		};
		1058C7A2FEA54F0111CA2CBB /* Other Frameworks */ = {
			isa = PBXGroup;
			children = (
				29B97324FDCFA39411CA2CEA /* AppKit.framework */,
				13E42FB307B3F0F600E4EEF1 /* CoreData.framework */,
				29B97325FDCFA39411CA2CEA /* Foundation.framework */,
			);
			name = "Other Frameworks";
			sourceTree = "<group>";
		};
		19C28FACFE9D520D11CA2CBB /* Products */ = {
			isa = PBXGroup;
			children = (
				8D1107320486CEB800E47090 /* MagicHat.app */,
				79E6D1A510EAC304007BEF81 /* MagicHat Tests.octest */,
			);
			name = Products;
			sourceTree = "<group>";
		};
		29B97314FDCFA39411CA2CEA /* MagicHat */ = {
			isa = PBXGroup;
			children = (
				7989E01C10EAE57A0074F5D8 /* objc4-437.1 */,
				080E96DDFE201D6D7F000001 /* Classes */,
				79E6D1D710EAC39C007BEF81 /* Tests */,
				794A40E410E8102600A8DE20 /* Models */,
				794A414C10E8128100A8DE20 /* cctools */,
				29B97315FDCFA39411CA2CEA /* Other Sources */,
				29B97317FDCFA39411CA2CEA /* Resources */,
				29B97323FDCFA39411CA2CEA /* Frameworks */,
				19C28FACFE9D520D11CA2CBB /* Products */,
				79E6D1A610EAC304007BEF81 /* MagicHat Tests-Info.plist */,
			);
			name = MagicHat;
			sourceTree = "<group>";
		};
		29B97315FDCFA39411CA2CEA /* Other Sources */ = {
			isa = PBXGroup;
			children = (
				4DE339F60D74FCDD00ADB6EE /* rb_main.rb */,
				29B97316FDCFA39411CA2CEA /* main.m */,
				799CBB1110E9768B004D7ED6 /* ASSIGN.h */,
			);
			name = "Other Sources";
			sourceTree = "<group>";
		};
		29B97317FDCFA39411CA2CEA /* Resources */ = {
			isa = PBXGroup;
			children = (
				799CBAC210E89940004D7ED6 /* MainMenu.xib */,
				794A411C10E8113700A8DE20 /* magichat.icns */,
				8D1107310486CEB800E47090 /* Info.plist */,
				089C165CFE840E0CC02AAC07 /* InfoPlist.strings */,
			);
			name = Resources;
			sourceTree = "<group>";
		};
		29B97323FDCFA39411CA2CEA /* Frameworks */ = {
			isa = PBXGroup;
			children = (
				1058C7A0FEA54F0111CA2CBB /* Linked Frameworks */,
				1058C7A2FEA54F0111CA2CBB /* Other Frameworks */,
			);
			name = Frameworks;
			sourceTree = "<group>";
		};
		794A40E410E8102600A8DE20 /* Models */ = {
			isa = PBXGroup;
			children = (
				794A40E510E8103100A8DE20 /* MagicHat_DataModel.xcdatamodel */,
				794A40E810E8104000A8DE20 /* MagicHat_DataModel */,
			);
			name = Models;
			sourceTree = "<group>";
		};
		794A40E810E8104000A8DE20 /* MagicHat_DataModel */ = {
			isa = PBXGroup;
			children = (
				7931E59B10FD45A400175784 /* MachOClassesSection64MO.m */,
				7931E59D10FD45A400175784 /* MachOClassesSectionMO.m */,
				7931E59F10FD45A500175784 /* MachOCommandMO.m */,
				7931E5A110FD45A500175784 /* MachOFileMO.m */,
				7931E5A310FD45A600175784 /* MachOHeaderMO.m */,
				7931E5A510FD45A600175784 /* MachOSection32MO.m */,
				7931E5A710FD45A700175784 /* MachOSection64MO.m */,
				7931E5A910FD45A700175784 /* MachOSectionMO.m */,
				7931E5AB10FD45A800175784 /* MachOSegmentCommandMO.m */,
				7931E5AD10FD45A800175784 /* MachOClassesSection64MO.h */,
				7931E5AE10FD45A800175784 /* MachOClassesSectionMO.h */,
				7931E5AF10FD45A900175784 /* MachOCommandMO.h */,
				7931E5B010FD45A900175784 /* MachOFileMO.h */,
				7931E5B110FD45A900175784 /* MachOHeaderMO.h */,
				7931E5B210FD45AA00175784 /* MachOSection32MO.h */,
				7931E5B310FD45AA00175784 /* MachOSection64MO.h */,
				7931E5B410FD45AB00175784 /* MachOSectionMO.h */,
				7931E5B510FD45AB00175784 /* MachOSegmentCommandMO.h */,
				7931E5B610FD45AB00175784 /* _MachOClassesSection64MO.m */,
				7931E5B810FD45AC00175784 /* _MachOClassesSectionMO.m */,
				7931E5BA10FD45AC00175784 /* _MachOCommandMO.m */,
				7931E5BC10FD45AE00175784 /* _MachOFileMO.m */,
				7931E5BE10FD45AF00175784 /* _MachOHeaderMO.m */,
				7931E5C010FD45AF00175784 /* _MachOSection32MO.m */,
				7931E5C210FD45B000175784 /* _MachOSection64MO.m */,
				7931E5C410FD45B000175784 /* _MachOSectionMO.m */,
				7931E5C610FD45B100175784 /* _MachOSegmentCommandMO.m */,
				7931E5C810FD45B100175784 /* _MachOClassesSection64MO.h */,
				7931E5C910FD45B200175784 /* _MachOClassesSectionMO.h */,
				7931E5CA10FD45B200175784 /* _MachOCommandMO.h */,
				7931E5CB10FD45B300175784 /* _MachOFileMO.h */,
				7931E5CC10FD45B300175784 /* _MachOHeaderMO.h */,
				7931E5CD10FD45B400175784 /* _MachOSection32MO.h */,
				7931E5CE10FD45B400175784 /* _MachOSection64MO.h */,
				7931E5CF10FD45B400175784 /* _MachOSectionMO.h */,
				7931E5D010FD45B500175784 /* _MachOSegmentCommandMO.h */,
			);
			path = MagicHat_DataModel;
			sourceTree = "<group>";
		};
		794A414C10E8128100A8DE20 /* cctools */ = {
			isa = PBXGroup;
			children = (
				794A414E10E8129800A8DE20 /* libstuff */,
			);
			name = cctools;
			path = "cctools-750";
			sourceTree = "<group>";
		};
		794A414E10E8129800A8DE20 /* libstuff */ = {
			isa = PBXGroup;
			children = (
				794A414F10E812BF00A8DE20 /* ofile.c */,
				794A415110E812CD00A8DE20 /* bytesex.c */,
				794A415310E812DC00A8DE20 /* allocate.c */,
				794A415510E812E400A8DE20 /* errors.c */,
				794A415710E812EB00A8DE20 /* set_arch_flag_name.c */,
				794A415910E812F200A8DE20 /* ofile_error.c */,
				794A415B10E8130700A8DE20 /* get_arch_from_host.c */,
				794A415D10E8130B00A8DE20 /* fatals.c */,
				794A415F10E8130E00A8DE20 /* arch.c */,
				794A416110E8131400A8DE20 /* print.c */,
				794A416310E8131900A8DE20 /* swap_headers.c */,
				794A416510E8132200A8DE20 /* guess_short_name.c */,
			);
			path = libstuff;
			sourceTree = "<group>";
		};
		7989E01C10EAE57A0074F5D8 /* objc4-437.1 */ = {
			isa = PBXGroup;
			children = (
				7989E01D10EAE58F0074F5D8 /* runtime */,
			);
			path = "objc4-437.1";
			sourceTree = "<group>";
		};
		7989E01D10EAE58F0074F5D8 /* runtime */ = {
			isa = PBXGroup;
			children = (
				7989E02210EAE6580074F5D8 /* objc-runtime-new.h */,
			);
			path = runtime;
			sourceTree = "<group>";
		};
		79E6D1D710EAC39C007BEF81 /* Tests */ = {
			isa = PBXGroup;
			children = (
				79E6D1D810EAC3A7007BEF81 /* NSString+jr_stringWithUTF8StringmaxLengthTest.h */,
				79E6D1D910EAC3A7007BEF81 /* NSString+jr_stringWithUTF8StringmaxLengthTest.m */,
			);
			path = Tests;
			sourceTree = "<group>";
		};
/* End PBXGroup section */

/* Begin PBXNativeTarget section */
		79E6D1A410EAC304007BEF81 /* MagicHat Tests */ = {
			isa = PBXNativeTarget;
			buildConfigurationList = 79E6D1A910EAC305007BEF81 /* Build configuration list for PBXNativeTarget "MagicHat Tests" */;
			buildPhases = (
				79E6D1A010EAC304007BEF81 /* Resources */,
				79E6D1A110EAC304007BEF81 /* Sources */,
				79E6D1A210EAC304007BEF81 /* Frameworks */,
				79E6D1A310EAC304007BEF81 /* ShellScript */,
			);
			buildRules = (
			);
			dependencies = (
			);
			name = "MagicHat Tests";
			productName = "MagicHat Tests";
			productReference = 79E6D1A510EAC304007BEF81 /* MagicHat Tests.octest */;
			productType = "com.apple.product-type.bundle";
		};
		8D1107260486CEB800E47090 /* MagicHat */ = {
			isa = PBXNativeTarget;
			buildConfigurationList = C01FCF4A08A954540054247B /* Build configuration list for PBXNativeTarget "MagicHat" */;
			buildPhases = (
				8D1107290486CEB800E47090 /* Resources */,
				8D11072C0486CEB800E47090 /* Sources */,
				8D11072E0486CEB800E47090 /* Frameworks */,
			);
			buildRules = (
			);
			dependencies = (
				79E6D1AB10EAC311007BEF81 /* PBXTargetDependency */,
			);
			name = MagicHat;
			productInstallPath = "$(HOME)/Applications";
			productName = MagicHat;
			productReference = 8D1107320486CEB800E47090 /* MagicHat.app */;
			productType = "com.apple.product-type.application";
		};
/* End PBXNativeTarget section */

/* Begin PBXProject section */
		29B97313FDCFA39411CA2CEA /* Project object */ = {
			isa = PBXProject;
			buildConfigurationList = C01FCF4E08A954540054247B /* Build configuration list for PBXProject "MagicHat" */;
			compatibilityVersion = "Xcode 3.0";
			hasScannedForEncodings = 1;
			mainGroup = 29B97314FDCFA39411CA2CEA /* MagicHat */;
			projectDirPath = "";
			projectRoot = "";
			targets = (
				8D1107260486CEB800E47090 /* MagicHat */,
				79E6D1A410EAC304007BEF81 /* MagicHat Tests */,
			);
		};
/* End PBXProject section */

/* Begin PBXResourcesBuildPhase section */
		79E6D1A010EAC304007BEF81 /* Resources */ = {
			isa = PBXResourcesBuildPhase;
			buildActionMask = 2147483647;
			files = (
			);
			runOnlyForDeploymentPostprocessing = 0;
		};
		8D1107290486CEB800E47090 /* Resources */ = {
			isa = PBXResourcesBuildPhase;
			buildActionMask = 2147483647;
			files = (
				8D11072B0486CEB800E47090 /* InfoPlist.strings in Resources */,
				4DE339F70D74FCDD00ADB6EE /* rb_main.rb in Resources */,
				8F0C5D830EADC1EE007FBAA3 /* AppDelegate.rb in Resources */,
				794A411D10E8113700A8DE20 /* magichat.icns in Resources */,
				799CBAC410E89940004D7ED6 /* MainMenu.xib in Resources */,
			);
			runOnlyForDeploymentPostprocessing = 0;
		};
/* End PBXResourcesBuildPhase section */

/* Begin PBXShellScriptBuildPhase section */
		79E6D1A310EAC304007BEF81 /* ShellScript */ = {
			isa = PBXShellScriptBuildPhase;
			buildActionMask = 2147483647;
			files = (
			);
			inputPaths = (
			);
			outputPaths = (
			);
			runOnlyForDeploymentPostprocessing = 0;
			shellPath = /bin/sh;
			shellScript = "# Run the unit tests in this test bundle.\n\"${SYSTEM_DEVELOPER_DIR}/Tools/RunUnitTests\"\n";
		};
/* End PBXShellScriptBuildPhase section */

/* Begin PBXSourcesBuildPhase section */
		79E6D1A110EAC304007BEF81 /* Sources */ = {
			isa = PBXSourcesBuildPhase;
			buildActionMask = 2147483647;
			files = (
				79E6D1DA10EAC3A7007BEF81 /* NSString+jr_stringWithUTF8StringmaxLengthTest.m in Sources */,
				79E6D22B10EAC716007BEF81 /* NSString+jr_stringWithUTF8StringmaxLength.m in Sources */,
			);
			runOnlyForDeploymentPostprocessing = 0;
		};
		8D11072C0486CEB800E47090 /* Sources */ = {
			isa = PBXSourcesBuildPhase;
			buildActionMask = 2147483647;
			files = (
				8D11072D0486CEB800E47090 /* main.m in Sources */,
				794A40E610E8103100A8DE20 /* MagicHat_DataModel.xcdatamodel in Sources */,
				794A415010E812BF00A8DE20 /* ofile.c in Sources */,
				794A415210E812CD00A8DE20 /* bytesex.c in Sources */,
				794A415410E812DC00A8DE20 /* allocate.c in Sources */,
				794A415610E812E400A8DE20 /* errors.c in Sources */,
				794A415810E812EB00A8DE20 /* set_arch_flag_name.c in Sources */,
				794A415A10E812F200A8DE20 /* ofile_error.c in Sources */,
				794A415C10E8130700A8DE20 /* get_arch_from_host.c in Sources */,
				794A415E10E8130B00A8DE20 /* fatals.c in Sources */,
				794A416010E8130E00A8DE20 /* arch.c in Sources */,
				794A416210E8131400A8DE20 /* print.c in Sources */,
				794A416410E8131900A8DE20 /* swap_headers.c in Sources */,
				794A416610E8132200A8DE20 /* guess_short_name.c in Sources */,
				79E6D14D10E9C310007BEF81 /* NSString+jr_stringWithUTF8StringmaxLength.m in Sources */,
				7931E59C10FD45A400175784 /* MachOClassesSection64MO.m in Sources */,
				7931E59E10FD45A500175784 /* MachOClassesSectionMO.m in Sources */,
				7931E5A010FD45A500175784 /* MachOCommandMO.m in Sources */,
				7931E5A210FD45A600175784 /* MachOFileMO.m in Sources */,
				7931E5A410FD45A600175784 /* MachOHeaderMO.m in Sources */,
				7931E5A610FD45A700175784 /* MachOSection32MO.m in Sources */,
				7931E5A810FD45A700175784 /* MachOSection64MO.m in Sources */,
				7931E5AA10FD45A700175784 /* MachOSectionMO.m in Sources */,
				7931E5AC10FD45A800175784 /* MachOSegmentCommandMO.m in Sources */,
				7931E5B710FD45AB00175784 /* _MachOClassesSection64MO.m in Sources */,
				7931E5B910FD45AC00175784 /* _MachOClassesSectionMO.m in Sources */,
				7931E5BB10FD45AE00175784 /* _MachOCommandMO.m in Sources */,
				7931E5BD10FD45AE00175784 /* _MachOFileMO.m in Sources */,
				7931E5BF10FD45AF00175784 /* _MachOHeaderMO.m in Sources */,
				7931E5C110FD45AF00175784 /* _MachOSection32MO.m in Sources */,
				7931E5C310FD45B000175784 /* _MachOSection64MO.m in Sources */,
				7931E5C510FD45B100175784 /* _MachOSectionMO.m in Sources */,
				7931E5C710FD45B100175784 /* _MachOSegmentCommandMO.m in Sources */,
			);
			runOnlyForDeploymentPostprocessing = 0;
		};
/* End PBXSourcesBuildPhase section */

/* Begin PBXTargetDependency section */
		79E6D1AB10EAC311007BEF81 /* PBXTargetDependency */ = {
			isa = PBXTargetDependency;
			target = 79E6D1A410EAC304007BEF81 /* MagicHat Tests */;
			targetProxy = 79E6D1AA10EAC311007BEF81 /* PBXContainerItemProxy */;
		};
/* End PBXTargetDependency section */

/* Begin PBXVariantGroup section */
		089C165CFE840E0CC02AAC07 /* InfoPlist.strings */ = {
			isa = PBXVariantGroup;
			children = (
				089C165DFE840E0CC02AAC07 /* English */,
			);
			name = InfoPlist.strings;
			sourceTree = "<group>";
		};
		799CBAC210E89940004D7ED6 /* MainMenu.xib */ = {
			isa = PBXVariantGroup;
			children = (
				799CBAC310E89940004D7ED6 /* English */,
			);
			name = MainMenu.xib;
			sourceTree = "<group>";
		};
/* End PBXVariantGroup section */

/* Begin XCBuildConfiguration section */
		79E6D1A710EAC305007BEF81 /* Debug */ = {
			isa = XCBuildConfiguration;
			buildSettings = {
				ALWAYS_SEARCH_USER_PATHS = NO;
				COPY_PHASE_STRIP = NO;
				FRAMEWORK_SEARCH_PATHS = "$(DEVELOPER_LIBRARY_DIR)/Frameworks";
				GCC_DYNAMIC_NO_PIC = NO;
				GCC_ENABLE_FIX_AND_CONTINUE = NO;
				GCC_ENABLE_OBJC_EXCEPTIONS = YES;
				GCC_MODEL_TUNING = G5;
				GCC_OPTIMIZATION_LEVEL = 0;
				GCC_PRECOMPILE_PREFIX_HEADER = YES;
				GCC_PREFIX_HEADER = "$(SYSTEM_LIBRARY_DIR)/Frameworks/Cocoa.framework/Headers/Cocoa.h";
				INFOPLIST_FILE = "MagicHat Tests-Info.plist";
				INSTALL_PATH = "$(USER_LIBRARY_DIR)/Bundles";
				OTHER_LDFLAGS = (
					"-framework",
					Cocoa,
					"-framework",
					SenTestingKit,
				);
				PREBINDING = NO;
				PRODUCT_NAME = "MagicHat Tests";
				WRAPPER_EXTENSION = octest;
			};
			name = Debug;
		};
		79E6D1A810EAC305007BEF81 /* Release */ = {
			isa = XCBuildConfiguration;
			buildSettings = {
				ALWAYS_SEARCH_USER_PATHS = NO;
				COPY_PHASE_STRIP = YES;
				DEBUG_INFORMATION_FORMAT = "dwarf-with-dsym";
				FRAMEWORK_SEARCH_PATHS = "$(DEVELOPER_LIBRARY_DIR)/Frameworks";
				GCC_ENABLE_FIX_AND_CONTINUE = NO;
				GCC_ENABLE_OBJC_EXCEPTIONS = YES;
				GCC_MODEL_TUNING = G5;
				GCC_PRECOMPILE_PREFIX_HEADER = YES;
				GCC_PREFIX_HEADER = "$(SYSTEM_LIBRARY_DIR)/Frameworks/Cocoa.framework/Headers/Cocoa.h";
				INFOPLIST_FILE = "MagicHat Tests-Info.plist";
				INSTALL_PATH = "$(USER_LIBRARY_DIR)/Bundles";
				OTHER_LDFLAGS = (
					"-framework",
					Cocoa,
					"-framework",
					SenTestingKit,
				);
				PREBINDING = NO;
				PRODUCT_NAME = "MagicHat Tests";
				WRAPPER_EXTENSION = octest;
				ZERO_LINK = NO;
			};
			name = Release;
		};
		C01FCF4B08A954540054247B /* Debug */ = {
			isa = XCBuildConfiguration;
			buildSettings = {
				COPY_PHASE_STRIP = NO;
				GCC_DYNAMIC_NO_PIC = NO;
				GCC_ENABLE_FIX_AND_CONTINUE = YES;
				GCC_MODEL_TUNING = G5;
				GCC_OPTIMIZATION_LEVEL = 0;
				GCC_PRECOMPILE_PREFIX_HEADER = YES;
				INFOPLIST_FILE = Info.plist;
				INSTALL_PATH = "$(HOME)/Applications";
				PRODUCT_NAME = MagicHat;
				USER_HEADER_SEARCH_PATHS = "\"$(SRCROOT)/cctools-750/include\" \"$(SRCROOT)/cctools-750\"";
				WRAPPER_EXTENSION = app;
				ZERO_LINK = YES;
			};
			name = Debug;
		};
		C01FCF4C08A954540054247B /* Release */ = {
			isa = XCBuildConfiguration;
			buildSettings = {
				DEBUG_INFORMATION_FORMAT = "dwarf-with-dsym";
				GCC_MODEL_TUNING = G5;
				GCC_PRECOMPILE_PREFIX_HEADER = YES;
				INFOPLIST_FILE = Info.plist;
				INSTALL_PATH = "$(HOME)/Applications";
				PRODUCT_NAME = MagicHat;
				USER_HEADER_SEARCH_PATHS = "\"$(SRCROOT)/cctools-750/include\" \"$(SRCROOT)/cctools-750\"";
				WRAPPER_EXTENSION = app;
			};
			name = Release;
		};
		C01FCF4F08A954540054247B /* Debug */ = {
			isa = XCBuildConfiguration;
			buildSettings = {
				ARCHS = "$(NATIVE_ARCH_ACTUAL)";
				GCC_C_LANGUAGE_STANDARD = c99;
				GCC_ENABLE_OBJC_GC = required;
				GCC_WARN_ABOUT_RETURN_TYPE = YES;
				GCC_WARN_UNUSED_VARIABLE = YES;
				PREBINDING = NO;
				SDKROOT = "$(DEVELOPER_SDK_DIR)/MacOSX10.6.sdk";
			};
			name = Debug;
		};
		C01FCF5008A954540054247B /* Release */ = {
			isa = XCBuildConfiguration;
			buildSettings = {
				ARCHS = "$(NATIVE_ARCH_ACTUAL)";
				GCC_C_LANGUAGE_STANDARD = c99;
				GCC_ENABLE_OBJC_GC = required;
				GCC_WARN_ABOUT_RETURN_TYPE = YES;
				GCC_WARN_UNUSED_VARIABLE = YES;
				PREBINDING = NO;
				SDKROOT = "$(DEVELOPER_SDK_DIR)/MacOSX10.6.sdk";
			};
			name = Release;
		};
/* End XCBuildConfiguration section */

/* Begin XCConfigurationList section */
		79E6D1A910EAC305007BEF81 /* Build configuration list for PBXNativeTarget "MagicHat Tests" */ = {
			isa = XCConfigurationList;
			buildConfigurations = (
				79E6D1A710EAC305007BEF81 /* Debug */,
				79E6D1A810EAC305007BEF81 /* Release */,
			);
			defaultConfigurationIsVisible = 0;
			defaultConfigurationName = Release;
		};
		C01FCF4A08A954540054247B /* Build configuration list for PBXNativeTarget "MagicHat" */ = {
			isa = XCConfigurationList;
			buildConfigurations = (
				C01FCF4B08A954540054247B /* Debug */,
				C01FCF4C08A954540054247B /* Release */,
			);
			defaultConfigurationIsVisible = 0;
			defaultConfigurationName = Release;
		};
		C01FCF4E08A954540054247B /* Build configuration list for PBXProject "MagicHat" */ = {
			isa = XCConfigurationList;
			buildConfigurations = (
				C01FCF4F08A954540054247B /* Debug */,
				C01FCF5008A954540054247B /* Release */,
			);
			defaultConfigurationIsVisible = 0;
			defaultConfigurationName = Release;
		};
/* End XCConfigurationList section */
	};
	rootObject = 29B97313FDCFA39411CA2CEA /* Project object */;
}
