// !$*UTF8*$!
{
	archiveVersion = 1;
	classes = {
	};
	objectVersion = 39;
	objects = {
		080E96DCFE201CFB7F000001 = {
			fileRef = 29B97318FDCFA39411CA2CEA;
			isa = PBXBuildFile;
			settings = {
			};
		};
		080E96DDFE201D6D7F000001 = {
			children = (
				9E19B4E904236D8B0051A77F,
				9EDC01BD042879E2008BF40E,
				9E8F5C610425BDA30013A430,
			);
			isa = PBXGroup;
			name = Classes;
			refType = 4;
			sourceTree = "<group>";
		};
		089C165CFE840E0CC02AAC07 = {
			children = (
				089C165DFE840E0CC02AAC07,
			);
			isa = PBXVariantGroup;
			name = InfoPlist.strings;
			refType = 4;
			sourceTree = "<group>";
		};
		089C165DFE840E0CC02AAC07 = {
			fileEncoding = 10;
			isa = PBXFileReference;
			lastKnownFileType = text.plist.strings;
			name = English;
			path = English.lproj/InfoPlist.strings;
			refType = 4;
			sourceTree = "<group>";
		};
		089C165EFE840E0CC02AAC07 = {
			fileRef = 089C165CFE840E0CC02AAC07;
			isa = PBXBuildFile;
			settings = {
			};
		};
//080
//081
//082
//083
//084
//100
//101
//102
//103
//104
		1058C7A0FEA54F0111CA2CBB = {
			children = (
				1058C7A1FEA54F0111CA2CBB,
			);
			isa = PBXGroup;
			name = "Linked Frameworks";
			refType = 4;
			sourceTree = "<group>";
		};
		1058C7A1FEA54F0111CA2CBB = {
			isa = PBXFileReference;
			lastKnownFileType = wrapper.framework;
			name = Cocoa.framework;
			path = /System/Library/Frameworks/Cocoa.framework;
			refType = 0;
			sourceTree = "<absolute>";
		};
		1058C7A2FEA54F0111CA2CBB = {
			children = (
				29B97325FDCFA39411CA2CEA,
				29B97324FDCFA39411CA2CEA,
			);
			isa = PBXGroup;
			name = "Other Frameworks";
			refType = 4;
			sourceTree = "<group>";
		};
		1058C7A3FEA54F0111CA2CBB = {
			fileRef = 1058C7A1FEA54F0111CA2CBB;
			isa = PBXBuildFile;
			settings = {
			};
		};
//100
//101
//102
//103
//104
//170
//171
//172
//173
//174
		17587328FF379C6511CA2CBB = {
			explicitFileType = wrapper.application;
			isa = PBXFileReference;
			path = MagicHat.app;
			refType = 3;
			sourceTree = BUILT_PRODUCTS_DIR;
		};
//170
//171
//172
//173
//174
//190
//191
//192
//193
//194
		19C28FACFE9D520D11CA2CBB = {
			children = (
				17587328FF379C6511CA2CBB,
			);
			isa = PBXGroup;
			name = Products;
			refType = 4;
			sourceTree = "<group>";
		};
//190
//191
//192
//193
//194
//290
//291
//292
//293
//294
		29B97313FDCFA39411CA2CEA = {
			buildSettings = {
			};
			buildStyles = (
				4A9504CCFFE6A4B311CA0CBA,
				4A9504CDFFE6A4B311CA0CBA,
			);
			hasScannedForEncodings = 1;
			isa = PBXProject;
			mainGroup = 29B97314FDCFA39411CA2CEA;
			projectDirPath = "";
			targets = (
				29B97326FDCFA39411CA2CEA,
			);
		};
		29B97314FDCFA39411CA2CEA = {
			children = (
				080E96DDFE201D6D7F000001,
				29B97315FDCFA39411CA2CEA,
				29B97317FDCFA39411CA2CEA,
				29B97323FDCFA39411CA2CEA,
				19C28FACFE9D520D11CA2CBB,
			);
			isa = PBXGroup;
			name = MagicHat;
			path = "";
			refType = 4;
			sourceTree = "<group>";
		};
		29B97315FDCFA39411CA2CEA = {
			children = (
				32CA4F630368D1EE00C91783,
				29B97316FDCFA39411CA2CEA,
			);
			isa = PBXGroup;
			name = "Other Sources";
			path = "";
			refType = 4;
			sourceTree = "<group>";
		};
		29B97316FDCFA39411CA2CEA = {
			fileEncoding = 30;
			isa = PBXFileReference;
			lastKnownFileType = sourcecode.c.objc;
			path = main.m;
			refType = 4;
			sourceTree = "<group>";
		};
		29B97317FDCFA39411CA2CEA = {
			children = (
				9E99C33F0BDD25E300B63A2D,
				29B97318FDCFA39411CA2CEA,
				089C165CFE840E0CC02AAC07,
				9E99F1A304275CDF00E096F9,
				9EDC055604288777008BF40E,
				9EDC055804288783008BF40E,
				9EDC056A0428B006008BF40E,
				9E99F1A504275CE900E096F9,
				9EDC055A04288792008BF40E,
				9EDC055C042887A0008BF40E,
				9E99F1B904276B6700E096F9,
				9E99F1BB04276B7A00E096F9,
				9EC829DA0427AC7E00222BE0,
				9EB3F7660430985600924C02,
				9E472C00054C470300B759E9,
				9E472C01054C470300B759E9,
				9E472C02054C470300B759E9,
			);
			isa = PBXGroup;
			name = Resources;
			path = "";
			refType = 4;
			sourceTree = "<group>";
		};
		29B97318FDCFA39411CA2CEA = {
			children = (
				29B97319FDCFA39411CA2CEA,
			);
			isa = PBXVariantGroup;
			name = MainMenu.nib;
			path = "";
			refType = 4;
			sourceTree = "<group>";
		};
		29B97319FDCFA39411CA2CEA = {
			isa = PBXFileReference;
			lastKnownFileType = wrapper.nib;
			name = English;
			path = English.lproj/MainMenu.nib;
			refType = 4;
			sourceTree = "<group>";
		};
		29B97323FDCFA39411CA2CEA = {
			children = (
				1058C7A0FEA54F0111CA2CBB,
				1058C7A2FEA54F0111CA2CBB,
			);
			isa = PBXGroup;
			name = Frameworks;
			path = "";
			refType = 4;
			sourceTree = "<group>";
		};
		29B97324FDCFA39411CA2CEA = {
			isa = PBXFileReference;
			lastKnownFileType = wrapper.framework;
			name = AppKit.framework;
			path = /System/Library/Frameworks/AppKit.framework;
			refType = 0;
			sourceTree = "<absolute>";
		};
		29B97325FDCFA39411CA2CEA = {
			isa = PBXFileReference;
			lastKnownFileType = wrapper.framework;
			name = Foundation.framework;
			path = /System/Library/Frameworks/Foundation.framework;
			refType = 0;
			sourceTree = "<absolute>";
		};
		29B97326FDCFA39411CA2CEA = {
			buildPhases = (
				29B97327FDCFA39411CA2CEA,
				29B97328FDCFA39411CA2CEA,
				29B9732BFDCFA39411CA2CEA,
				29B9732DFDCFA39411CA2CEA,
			);
			buildSettings = {
				DEBUGGING_SYMBOLS = NO;
				FRAMEWORK_SEARCH_PATHS = "";
				HEADER_SEARCH_PATHS = "";
				INSTALL_PATH = "$(HOME)/Applications";
				LIBRARY_SEARCH_PATHS = "";
				OPTIMIZATION_CFLAGS = "-O3";
				OTHER_CFLAGS = "";
				PRECOMPILE_PREFIX_HEADER = YES;
				PREFIX_HEADER = MagicHat_Prefix.h;
				PRODUCT_NAME = MagicHat;
				SECTORDER_FLAGS = "";
				WARNING_CFLAGS = "-Wmost -Wno-four-char-constants -Wno-unknown-pragmas";
				WRAPPER_EXTENSION = app;
			};
			dependencies = (
			);
			isa = PBXApplicationTarget;
			name = MagicHat;
			productInstallPath = "$(HOME)/Applications";
			productName = MagicHat;
			productReference = 17587328FF379C6511CA2CBB;
			productSettingsXML = "<?xml version=\"1.0\" encoding=\"UTF-8\"?>
<!DOCTYPE plist PUBLIC \"-//Apple Computer//DTD PLIST 1.0//EN\" \"http://www.apple.com/DTDs/PropertyList-1.0.dtd\">
<plist version=\"1.0\">
<dict>
	<key>CFBundleDevelopmentRegion</key>
	<string>English</string>
	<key>CFBundleDocumentTypes</key>
	<array/>
	<key>CFBundleExecutable</key>
	<string>MagicHat</string>
	<key>CFBundleIconFile</key>
	<string>MagicHat</string>
	<key>CFBundleInfoDictionaryVersion</key>
	<string>6.0</string>
	<key>CFBundlePackageType</key>
	<string>APPL</string>
	<key>CFBundleSignature</key>
	<string>????</string>
	<key>CFBundleVersion</key>
	<string>0.1</string>
	<key>NSMainNibFile</key>
	<string>MainMenu</string>
	<key>NSPrincipalClass</key>
	<string>NSApplication</string>
	<key>NSServices</key>
	<array>
		<dict>
			<key>NSExecutable</key>
			<string>MagicHat</string>
			<key>NSKeyEquivalent</key>
			<dict>
				<key>default</key>
				<string>=</string>
			</dict>
			<key>NSMenuItem</key>
			<dict>
				<key>default</key>
				<string>Look up in MagicHat</string>
			</dict>
			<key>NSMessage</key>
			<string>lookUp</string>
			<key>NSPortName</key>
			<string>MagicHat</string>
			<key>NSSendTypes</key>
			<array>
				<string>NSStringPboardType</string>
			</array>
		</dict>
	</array>
</dict>
</plist>
";
		};
		29B97327FDCFA39411CA2CEA = {
			buildActionMask = 2147483647;
			files = (
				32CA4F650368D2AA00C91783,
				9E19B4ED04236DB80051A77F,
				9E19B4F1042371AA0051A77F,
				9E082C820423758A00919F97,
				9E082C850423763A00919F97,
				9E082C8A0423766C00919F97,
				9E082C8E0423767D00919F97,
				9E082C910423768B00919F97,
				9E082C960423769F00919F97,
				9E082C99042376AD00919F97,
				9E082C9D042376BD00919F97,
				9E082CA1042376E200919F97,
				9E082CA4042376EC00919F97,
				9E8F5C640425BDD30013A430,
				9EA92E80042866B9004D7902,
				9EDC01C704287A11008BF40E,
				9EDC01C804287A11008BF40E,
				9EDC01D004287A2B008BF40E,
				9EDC01D204287A2B008BF40E,
				9EDC01D504287A2B008BF40E,
				9EDC01DB04287A5D008BF40E,
				9EDC01DD04287A5D008BF40E,
				9EDC05540428806E008BF40E,
				9EDC056004289122008BF40E,
				9E98124D0429C4A400000107,
				9E9812520429C7E900000107,
				9E9812560429C98700000107,
				9ECB6EE4042A008400000107,
				9ECB6EEF042A263800000107,
				9EE9E060042F46CC00000104,
				9E8A90E7043059DE008156C2,
				9E87033E0430D0AF00FE947C,
				9E8703400430D0AF00FE947C,
				9E8DF6B00431B30700CCBB39,
			);
			isa = PBXHeadersBuildPhase;
			runOnlyForDeploymentPostprocessing = 0;
		};
		29B97328FDCFA39411CA2CEA = {
			buildActionMask = 2147483647;
			files = (
				080E96DCFE201CFB7F000001,
				089C165EFE840E0CC02AAC07,
				9E99F1A404275CDF00E096F9,
				9E99F1A604275CE900E096F9,
				9E99F1BA04276B6700E096F9,
				9E99F1BC04276B7A00E096F9,
				9EC829DB0427AC7E00222BE0,
				9EDC055704288777008BF40E,
				9EDC055904288783008BF40E,
				9EDC055B04288792008BF40E,
				9EDC055D042887A0008BF40E,
				9EDC056B0428B006008BF40E,
				9EB3F7670430985600924C02,
				9E472C03054C470300B759E9,
				9E472C04054C470300B759E9,
				9E472C05054C470300B759E9,
				9E99C3410BDD25E300B63A2D,
			);
			isa = PBXResourcesBuildPhase;
			runOnlyForDeploymentPostprocessing = 0;
		};
		29B9732BFDCFA39411CA2CEA = {
			buildActionMask = 2147483647;
			files = (
				29B9732CFDCFA39411CA2CEA,
				9E19B4EC04236DB80051A77F,
				9E19B4F0042371AA0051A77F,
				9E082C810423758A00919F97,
				9E082C860423763A00919F97,
				9E082C890423766C00919F97,
				9E082C8D0423767D00919F97,
				9E082C920423768B00919F97,
				9E082C950423769F00919F97,
				9E082C9A042376AD00919F97,
				9E082C9E042376BD00919F97,
				9E082CA2042376E200919F97,
				9E8F5C650425BDD30013A430,
				9EA92E81042866B9004D7902,
				9EDC01C504287A11008BF40E,
				9EDC01C604287A11008BF40E,
				9EDC01D104287A2B008BF40E,
				9EDC01D304287A2B008BF40E,
				9EDC01D404287A2B008BF40E,
				9EDC01DA04287A5D008BF40E,
				9EDC01DC04287A5D008BF40E,
				9EDC05550428806E008BF40E,
				9EDC056104289122008BF40E,
				9E98124E0429C4A400000107,
				9E9812510429C7E900000107,
				9E9812550429C98700000107,
				9ECB6EE5042A008400000107,
				9ECB6EF0042A263800000107,
				9EE9E061042F46CC00000104,
				9E8A90E8043059DE008156C2,
				9E87033D0430D0AF00FE947C,
				9E87033F0430D0AF00FE947C,
				9E8DF6AF0431B30700CCBB39,
			);
			isa = PBXSourcesBuildPhase;
			runOnlyForDeploymentPostprocessing = 0;
		};
		29B9732CFDCFA39411CA2CEA = {
			fileRef = 29B97316FDCFA39411CA2CEA;
			isa = PBXBuildFile;
			settings = {
				ATTRIBUTES = (
				);
			};
		};
		29B9732DFDCFA39411CA2CEA = {
			buildActionMask = 2147483647;
			files = (
				1058C7A3FEA54F0111CA2CBB,
			);
			isa = PBXFrameworksBuildPhase;
			runOnlyForDeploymentPostprocessing = 0;
		};
//290
//291
//292
//293
//294
//320
//321
//322
//323
//324
		32CA4F630368D1EE00C91783 = {
			fileEncoding = 4;
			isa = PBXFileReference;
			lastKnownFileType = sourcecode.c.h;
			path = MagicHat_Prefix.h;
			refType = 4;
			sourceTree = "<group>";
		};
		32CA4F650368D2AA00C91783 = {
			fileRef = 32CA4F630368D1EE00C91783;
			isa = PBXBuildFile;
			settings = {
			};
		};
//320
//321
//322
//323
//324
//4A0
//4A1
//4A2
//4A3
//4A4
		4A9504CCFFE6A4B311CA0CBA = {
			buildSettings = {
				COPY_PHASE_STRIP = NO;
				GCC_DYNAMIC_NO_PIC = NO;
				GCC_ENABLE_FIX_AND_CONTINUE = YES;
				GCC_GENERATE_DEBUGGING_SYMBOLS = YES;
				GCC_OPTIMIZATION_LEVEL = 0;
				OPTIMIZATION_CFLAGS = "-O0";
				ZERO_LINK = YES;
			};
			isa = PBXBuildStyle;
			name = Development;
		};
		4A9504CDFFE6A4B311CA0CBA = {
			buildSettings = {
				COPY_PHASE_STRIP = YES;
				GCC_ENABLE_FIX_AND_CONTINUE = NO;
				ZERO_LINK = NO;
			};
			isa = PBXBuildStyle;
			name = Deployment;
		};
//4A0
//4A1
//4A2
//4A3
//4A4
//9E0
//9E1
//9E2
//9E3
//9E4
		9E082C7F0423758A00919F97 = {
			fileEncoding = 30;
			isa = PBXFileReference;
			lastKnownFileType = sourcecode.c.objc;
			path = SZClassDescriptor.m;
			refType = 4;
			sourceTree = "<group>";
		};
		9E082C800423758A00919F97 = {
			fileEncoding = 30;
			isa = PBXFileReference;
			lastKnownFileType = sourcecode.c.h;
			path = SZClassDescriptor.h;
			refType = 4;
			sourceTree = "<group>";
		};
		9E082C810423758A00919F97 = {
			fileRef = 9E082C7F0423758A00919F97;
			isa = PBXBuildFile;
			settings = {
			};
		};
		9E082C820423758A00919F97 = {
			fileRef = 9E082C800423758A00919F97;
			isa = PBXBuildFile;
			settings = {
			};
		};
		9E082C830423763A00919F97 = {
			fileEncoding = 30;
			isa = PBXFileReference;
			lastKnownFileType = sourcecode.c.h;
			path = SZClassHierarchyDescriptor.h;
			refType = 4;
			sourceTree = "<group>";
		};
		9E082C840423763A00919F97 = {
			fileEncoding = 30;
			isa = PBXFileReference;
			lastKnownFileType = sourcecode.c.objc;
			path = SZClassHierarchyDescriptor.m;
			refType = 4;
			sourceTree = "<group>";
		};
		9E082C850423763A00919F97 = {
			fileRef = 9E082C830423763A00919F97;
			isa = PBXBuildFile;
			settings = {
			};
		};
		9E082C860423763A00919F97 = {
			fileRef = 9E082C840423763A00919F97;
			isa = PBXBuildFile;
			settings = {
			};
		};
		9E082C870423766C00919F97 = {
			fileEncoding = 30;
			isa = PBXFileReference;
			lastKnownFileType = sourcecode.c.objc;
			path = SZProtocolDescriptor.m;
			refType = 4;
			sourceTree = "<group>";
		};
		9E082C880423766C00919F97 = {
			fileEncoding = 30;
			isa = PBXFileReference;
			lastKnownFileType = sourcecode.c.h;
			path = SZProtocolDescriptor.h;
			refType = 4;
			sourceTree = "<group>";
		};
		9E082C890423766C00919F97 = {
			fileRef = 9E082C870423766C00919F97;
			isa = PBXBuildFile;
			settings = {
			};
		};
		9E082C8A0423766C00919F97 = {
			fileRef = 9E082C880423766C00919F97;
			isa = PBXBuildFile;
			settings = {
			};
		};
		9E082C8B0423767D00919F97 = {
			fileEncoding = 30;
			isa = PBXFileReference;
			lastKnownFileType = sourcecode.c.objc;
			path = SZVariableDescriptor.m;
			refType = 4;
			sourceTree = "<group>";
		};
		9E082C8C0423767D00919F97 = {
			fileEncoding = 30;
			isa = PBXFileReference;
			lastKnownFileType = sourcecode.c.h;
			path = SZVariableDescriptor.h;
			refType = 4;
			sourceTree = "<group>";
		};
		9E082C8D0423767D00919F97 = {
			fileRef = 9E082C8B0423767D00919F97;
			isa = PBXBuildFile;
			settings = {
			};
		};
		9E082C8E0423767D00919F97 = {
			fileRef = 9E082C8C0423767D00919F97;
			isa = PBXBuildFile;
			settings = {
			};
		};
		9E082C8F0423768B00919F97 = {
			fileEncoding = 30;
			isa = PBXFileReference;
			lastKnownFileType = sourcecode.c.h;
			path = SZMethodDescriptor.h;
			refType = 4;
			sourceTree = "<group>";
		};
		9E082C900423768B00919F97 = {
			fileEncoding = 30;
			isa = PBXFileReference;
			lastKnownFileType = sourcecode.c.objc;
			path = SZMethodDescriptor.m;
			refType = 4;
			sourceTree = "<group>";
		};
		9E082C910423768B00919F97 = {
			fileRef = 9E082C8F0423768B00919F97;
			isa = PBXBuildFile;
			settings = {
			};
		};
		9E082C920423768B00919F97 = {
			fileRef = 9E082C900423768B00919F97;
			isa = PBXBuildFile;
			settings = {
			};
		};
		9E082C930423769E00919F97 = {
			fileEncoding = 30;
			isa = PBXFileReference;
			lastKnownFileType = sourcecode.c.objc;
			path = SZFrameworkDescriptor.m;
			refType = 4;
			sourceTree = "<group>";
		};
		9E082C940423769F00919F97 = {
			fileEncoding = 30;
			isa = PBXFileReference;
			lastKnownFileType = sourcecode.c.h;
			path = SZFrameworkDescriptor.h;
			refType = 4;
			sourceTree = "<group>";
		};
		9E082C950423769F00919F97 = {
			fileRef = 9E082C930423769E00919F97;
			isa = PBXBuildFile;
			settings = {
			};
		};
		9E082C960423769F00919F97 = {
			fileRef = 9E082C940423769F00919F97;
			isa = PBXBuildFile;
			settings = {
			};
		};
		9E082C97042376AD00919F97 = {
			fileEncoding = 30;
			isa = PBXFileReference;
			lastKnownFileType = sourcecode.c.h;
			path = SZTypeDescriptor.h;
			refType = 4;
			sourceTree = "<group>";
		};
		9E082C98042376AD00919F97 = {
			fileEncoding = 30;
			isa = PBXFileReference;
			lastKnownFileType = sourcecode.c.objc;
			path = SZTypeDescriptor.m;
			refType = 4;
			sourceTree = "<group>";
		};
		9E082C99042376AD00919F97 = {
			fileRef = 9E082C97042376AD00919F97;
			isa = PBXBuildFile;
			settings = {
			};
		};
		9E082C9A042376AD00919F97 = {
			fileRef = 9E082C98042376AD00919F97;
			isa = PBXBuildFile;
			settings = {
			};
		};
		9E082C9B042376BC00919F97 = {
			fileEncoding = 30;
			isa = PBXFileReference;
			lastKnownFileType = sourcecode.c.h;
			path = SZProtocolImplementationDescriptor.h;
			refType = 4;
			sourceTree = "<group>";
		};
		9E082C9C042376BD00919F97 = {
			fileEncoding = 30;
			isa = PBXFileReference;
			lastKnownFileType = sourcecode.c.objc;
			path = SZProtocolImplementationDescriptor.m;
			refType = 4;
			sourceTree = "<group>";
		};
		9E082C9D042376BD00919F97 = {
			fileRef = 9E082C9B042376BC00919F97;
			isa = PBXBuildFile;
			settings = {
			};
		};
		9E082C9E042376BD00919F97 = {
			fileRef = 9E082C9C042376BD00919F97;
			isa = PBXBuildFile;
			settings = {
			};
		};
		9E082C9F042376E100919F97 = {
			fileEncoding = 30;
			isa = PBXFileReference;
			lastKnownFileType = sourcecode.c.h;
			path = SZAbstractMethodDescriptor.h;
			refType = 4;
			sourceTree = "<group>";
		};
		9E082CA0042376E200919F97 = {
			fileEncoding = 30;
			isa = PBXFileReference;
			lastKnownFileType = sourcecode.c.objc;
			path = SZAbstractMethodDescriptor.m;
			refType = 4;
			sourceTree = "<group>";
		};
		9E082CA1042376E200919F97 = {
			fileRef = 9E082C9F042376E100919F97;
			isa = PBXBuildFile;
			settings = {
			};
		};
		9E082CA2042376E200919F97 = {
			fileRef = 9E082CA0042376E200919F97;
			isa = PBXBuildFile;
			settings = {
			};
		};
		9E082CA3042376EC00919F97 = {
			fileEncoding = 30;
			isa = PBXFileReference;
			lastKnownFileType = sourcecode.c.h;
			path = NSMethodSignatureAdditions.h;
			refType = 4;
			sourceTree = "<group>";
		};
		9E082CA4042376EC00919F97 = {
			fileRef = 9E082CA3042376EC00919F97;
			isa = PBXBuildFile;
			settings = {
			};
		};
		9E19B4E904236D8B0051A77F = {
			children = (
				9E082CA3042376EC00919F97,
				9E19B4EF042371AA0051A77F,
				9E19B4EE042371AA0051A77F,
				9E082C9F042376E100919F97,
				9E082CA0042376E200919F97,
				9E9812500429C7E900000107,
				9E98124F0429C7E900000107,
				9E082C800423758A00919F97,
				9E082C7F0423758A00919F97,
				9E082C830423763A00919F97,
				9E082C840423763A00919F97,
				9E082C940423769F00919F97,
				9E082C930423769E00919F97,
				9E082C8F0423768B00919F97,
				9E082C900423768B00919F97,
				9E082C880423766C00919F97,
				9E082C870423766C00919F97,
				9E082C9B042376BC00919F97,
				9E082C9C042376BD00919F97,
				9EE9E05E042F46CC00000104,
				9EE9E05F042F46CC00000104,
				9E19B4EB04236DB80051A77F,
				9E19B4EA04236DB80051A77F,
				9E98124B0429C4A400000107,
				9E98124C0429C4A400000107,
				9E082C97042376AD00919F97,
				9E082C98042376AD00919F97,
				9E082C8C0423767D00919F97,
				9E082C8B0423767D00919F97,
			);
			isa = PBXGroup;
			name = Runtime;
			refType = 4;
			sourceTree = "<group>";
		};
		9E19B4EA04236DB80051A77F = {
			fileEncoding = 30;
			isa = PBXFileReference;
			lastKnownFileType = sourcecode.c.objc;
			path = SZRuntime.m;
			refType = 4;
			sourceTree = "<group>";
		};
		9E19B4EB04236DB80051A77F = {
			fileEncoding = 30;
			isa = PBXFileReference;
			lastKnownFileType = sourcecode.c.h;
			path = SZRuntime.h;
			refType = 4;
			sourceTree = "<group>";
		};
		9E19B4EC04236DB80051A77F = {
			fileRef = 9E19B4EA04236DB80051A77F;
			isa = PBXBuildFile;
			settings = {
			};
		};
		9E19B4ED04236DB80051A77F = {
			fileRef = 9E19B4EB04236DB80051A77F;
			isa = PBXBuildFile;
			settings = {
			};
		};
		9E19B4EE042371AA0051A77F = {
			fileEncoding = 30;
			isa = PBXFileReference;
			lastKnownFileType = sourcecode.c.objc;
			path = ProtocolAdditions.m;
			refType = 4;
			sourceTree = "<group>";
		};
		9E19B4EF042371AA0051A77F = {
			fileEncoding = 30;
			isa = PBXFileReference;
			lastKnownFileType = sourcecode.c.h;
			path = ProtocolAdditions.h;
			refType = 4;
			sourceTree = "<group>";
		};
		9E19B4F0042371AA0051A77F = {
			fileRef = 9E19B4EE042371AA0051A77F;
			isa = PBXBuildFile;
			settings = {
			};
		};
		9E19B4F1042371AA0051A77F = {
			fileRef = 9E19B4EF042371AA0051A77F;
			isa = PBXBuildFile;
			settings = {
			};
		};
		9E472C00054C470300B759E9 = {
			isa = PBXFileReference;
			lastKnownFileType = image.tiff;
			path = "PBX-h-Icon.tiff";
			refType = 4;
			sourceTree = "<group>";
		};
		9E472C01054C470300B759E9 = {
			isa = PBXFileReference;
			lastKnownFileType = image.tiff;
			path = "PBX-strings-Icon.tiff";
			refType = 4;
			sourceTree = "<group>";
		};
		9E472C02054C470300B759E9 = {
			isa = PBXFileReference;
			lastKnownFileType = image.tiff;
			path = "PBX-m-Icon.tiff";
			refType = 4;
			sourceTree = "<group>";
		};
		9E472C03054C470300B759E9 = {
			fileRef = 9E472C00054C470300B759E9;
			isa = PBXBuildFile;
			settings = {
			};
		};
		9E472C04054C470300B759E9 = {
			fileRef = 9E472C01054C470300B759E9;
			isa = PBXBuildFile;
			settings = {
			};
		};
		9E472C05054C470300B759E9 = {
			fileRef = 9E472C02054C470300B759E9;
			isa = PBXBuildFile;
			settings = {
			};
		};
		9E8703390430D0AF00FE947C = {
			fileEncoding = 30;
			isa = PBXFileReference;
			lastKnownFileType = sourcecode.c.objc;
			path = MagicHatService.m;
			refType = 4;
			sourceTree = "<group>";
		};
		9E87033A0430D0AF00FE947C = {
			fileEncoding = 30;
			isa = PBXFileReference;
			lastKnownFileType = sourcecode.c.h;
			path = MagicHatService.h;
			refType = 4;
			sourceTree = "<group>";
		};
		9E87033B0430D0AF00FE947C = {
			fileEncoding = 30;
			isa = PBXFileReference;
			lastKnownFileType = sourcecode.c.objc;
			path = MagicHatPreference.m;
			refType = 4;
			sourceTree = "<group>";
		};
		9E87033C0430D0AF00FE947C = {
			fileEncoding = 30;
			isa = PBXFileReference;
			lastKnownFileType = sourcecode.c.h;
			path = MagicHatPreference.h;
			refType = 4;
			sourceTree = "<group>";
		};
		9E87033D0430D0AF00FE947C = {
			fileRef = 9E8703390430D0AF00FE947C;
			isa = PBXBuildFile;
			settings = {
			};
		};
		9E87033E0430D0AF00FE947C = {
			fileRef = 9E87033A0430D0AF00FE947C;
			isa = PBXBuildFile;
			settings = {
			};
		};
		9E87033F0430D0AF00FE947C = {
			fileRef = 9E87033B0430D0AF00FE947C;
			isa = PBXBuildFile;
			settings = {
			};
		};
		9E8703400430D0AF00FE947C = {
			fileRef = 9E87033C0430D0AF00FE947C;
			isa = PBXBuildFile;
			settings = {
			};
		};
		9E8A90E5043059DE008156C2 = {
			fileEncoding = 4;
			isa = PBXFileReference;
			lastKnownFileType = sourcecode.c.h;
			path = MHFindPanel.h;
			refType = 4;
			sourceTree = "<group>";
		};
		9E8A90E6043059DE008156C2 = {
			fileEncoding = 4;
			isa = PBXFileReference;
			lastKnownFileType = sourcecode.c.objc;
			path = MHFindPanel.m;
			refType = 4;
			sourceTree = "<group>";
		};
		9E8A90E7043059DE008156C2 = {
			fileRef = 9E8A90E5043059DE008156C2;
			isa = PBXBuildFile;
			settings = {
			};
		};
		9E8A90E8043059DE008156C2 = {
			fileRef = 9E8A90E6043059DE008156C2;
			isa = PBXBuildFile;
			settings = {
			};
		};
		9E8DF6AD0431B30700CCBB39 = {
			fileEncoding = 30;
			isa = PBXFileReference;
			lastKnownFileType = sourcecode.c.objc;
			path = MHCache.m;
			refType = 4;
			sourceTree = "<group>";
		};
		9E8DF6AE0431B30700CCBB39 = {
			fileEncoding = 30;
			isa = PBXFileReference;
			lastKnownFileType = sourcecode.c.h;
			path = MHCache.h;
			refType = 4;
			sourceTree = "<group>";
		};
		9E8DF6AF0431B30700CCBB39 = {
			fileRef = 9E8DF6AD0431B30700CCBB39;
			isa = PBXBuildFile;
			settings = {
			};
		};
		9E8DF6B00431B30700CCBB39 = {
			fileRef = 9E8DF6AE0431B30700CCBB39;
			isa = PBXBuildFile;
			settings = {
			};
		};
		9E8F5C610425BDA30013A430 = {
			children = (
				9E8DF6AE0431B30700CCBB39,
				9E8DF6AD0431B30700CCBB39,
				9EA92E7E042866B9004D7902,
				9EA92E7F042866B9004D7902,
				9E8F5C620425BDD30013A430,
				9E8F5C630425BDD30013A430,
				9ECB6EED042A263800000107,
				9ECB6EEE042A263800000107,
				9E8A90E5043059DE008156C2,
				9E8A90E6043059DE008156C2,
				9ECB6EE2042A008400000107,
				9ECB6EE3042A008400000107,
				9EDC05520428806E008BF40E,
				9EDC05530428806E008BF40E,
				9E87033C0430D0AF00FE947C,
				9E87033B0430D0AF00FE947C,
				9E87033A0430D0AF00FE947C,
				9E8703390430D0AF00FE947C,
				9EDC01D704287A5D008BF40E,
				9EDC01D604287A5D008BF40E,
				9EDC01D904287A5D008BF40E,
				9EDC01D804287A5D008BF40E,
				9EDC055E04289122008BF40E,
				9EDC055F04289122008BF40E,
			);
			isa = PBXGroup;
			name = UI;
			refType = 4;
			sourceTree = "<group>";
		};
		9E8F5C620425BDD30013A430 = {
			fileEncoding = 4;
			isa = PBXFileReference;
			lastKnownFileType = sourcecode.c.h;
			path = MHController.h;
			refType = 4;
			sourceTree = "<group>";
		};
		9E8F5C630425BDD30013A430 = {
			fileEncoding = 4;
			isa = PBXFileReference;
			lastKnownFileType = sourcecode.c.objc;
			path = MHController.m;
			refType = 4;
			sourceTree = "<group>";
		};
		9E8F5C640425BDD30013A430 = {
			fileRef = 9E8F5C620425BDD30013A430;
			isa = PBXBuildFile;
			settings = {
			};
		};
		9E8F5C650425BDD30013A430 = {
			fileRef = 9E8F5C630425BDD30013A430;
			isa = PBXBuildFile;
			settings = {
			};
		};
		9E98124B0429C4A400000107 = {
			fileEncoding = 4;
			isa = PBXFileReference;
			lastKnownFileType = sourcecode.c.h;
			path = SZRuntimeAdditions.h;
			refType = 4;
			sourceTree = "<group>";
		};
		9E98124C0429C4A400000107 = {
			fileEncoding = 4;
			isa = PBXFileReference;
			lastKnownFileType = sourcecode.c.objc;
			path = SZRuntimeAdditions.m;
			refType = 4;
			sourceTree = "<group>";
		};
		9E98124D0429C4A400000107 = {
			fileRef = 9E98124B0429C4A400000107;
			isa = PBXBuildFile;
			settings = {
			};
		};
		9E98124E0429C4A400000107 = {
			fileRef = 9E98124C0429C4A400000107;
			isa = PBXBuildFile;
			settings = {
			};
		};
		9E98124F0429C7E900000107 = {
			fileEncoding = 30;
			isa = PBXFileReference;
			lastKnownFileType = sourcecode.c.objc;
			path = SZCategoryDescriptor.m;
			refType = 4;
			sourceTree = "<group>";
		};
		9E9812500429C7E900000107 = {
			fileEncoding = 30;
			isa = PBXFileReference;
			lastKnownFileType = sourcecode.c.h;
			path = SZCategoryDescriptor.h;
			refType = 4;
			sourceTree = "<group>";
		};
		9E9812510429C7E900000107 = {
			fileRef = 9E98124F0429C7E900000107;
			isa = PBXBuildFile;
			settings = {
			};
		};
		9E9812520429C7E900000107 = {
			fileRef = 9E9812500429C7E900000107;
			isa = PBXBuildFile;
			settings = {
			};
		};
		9E9812530429C98700000107 = {
			fileEncoding = 30;
			isa = PBXFileReference;
			lastKnownFileType = sourcecode.c.objc;
			path = SZCategoryDescriptorAdditions.m;
			refType = 2;
			sourceTree = SOURCE_ROOT;
		};
		9E9812540429C98700000107 = {
			fileEncoding = 30;
			isa = PBXFileReference;
			lastKnownFileType = sourcecode.c.h;
			path = SZCategoryDescriptorAdditions.h;
			refType = 2;
			sourceTree = SOURCE_ROOT;
		};
		9E9812550429C98700000107 = {
			fileRef = 9E9812530429C98700000107;
			isa = PBXBuildFile;
			settings = {
			};
		};
		9E9812560429C98700000107 = {
			fileRef = 9E9812540429C98700000107;
			isa = PBXBuildFile;
			settings = {
			};
		};
		9E99C33F0BDD25E300B63A2D = {
			children = (
				9E99C3400BDD25E300B63A2D,
			);
			isa = PBXVariantGroup;
			name = MagicHatPreference.nib;
			path = "";
			refType = 2;
			sourceTree = SOURCE_ROOT;
		};
		9E99C3400BDD25E300B63A2D = {
			isa = PBXFileReference;
			lastKnownFileType = wrapper.nib;
			name = English;
			path = "/Volumes/Brooklyn 1/Developer/Source/MagicHat/English.lproj/MagicHatPreference.nib";
			refType = 0;
			sourceTree = "<absolute>";
		};
		9E99C3410BDD25E300B63A2D = {
			fileRef = 9E99C33F0BDD25E300B63A2D;
			isa = PBXBuildFile;
			settings = {
			};
		};
		9E99F1A304275CDF00E096F9 = {
			isa = PBXFileReference;
			lastKnownFileType = image.gif;
			path = Previous.gif;
			refType = 2;
			sourceTree = SOURCE_ROOT;
		};
		9E99F1A404275CDF00E096F9 = {
			fileRef = 9E99F1A304275CDF00E096F9;
			isa = PBXBuildFile;
			settings = {
			};
		};
		9E99F1A504275CE900E096F9 = {
			isa = PBXFileReference;
			lastKnownFileType = image.gif;
			path = Next.gif;
			refType = 2;
			sourceTree = SOURCE_ROOT;
		};
		9E99F1A604275CE900E096F9 = {
			fileRef = 9E99F1A504275CE900E096F9;
			isa = PBXBuildFile;
			settings = {
			};
		};
		9E99F1B904276B6700E096F9 = {
			isa = PBXFileReference;
			lastKnownFileType = image.tiff;
			name = knob_nib.tiff;
			path = "/Developer/Applications/Interface Builder.app/Contents/Resources/knob_nib.tiff";
			refType = 0;
			sourceTree = "<absolute>";
		};
		9E99F1BA04276B6700E096F9 = {
			fileRef = 9E99F1B904276B6700E096F9;
			isa = PBXBuildFile;
			settings = {
			};
		};
		9E99F1BB04276B7A00E096F9 = {
			isa = PBXFileReference;
			lastKnownFileType = image.tiff;
			name = disabled_knob_nib.tiff;
			path = "/Developer/Applications/Interface Builder.app/Contents/Resources/disabled_knob_nib.tiff";
			refType = 0;
			sourceTree = "<absolute>";
		};
		9E99F1BC04276B7A00E096F9 = {
			fileRef = 9E99F1BB04276B7A00E096F9;
			isa = PBXBuildFile;
			settings = {
			};
		};
		9EA92E7E042866B9004D7902 = {
			fileEncoding = 4;
			isa = PBXFileReference;
			lastKnownFileType = sourcecode.c.h;
			path = MHComboBoxDelegate.h;
			refType = 4;
			sourceTree = "<group>";
		};
		9EA92E7F042866B9004D7902 = {
			fileEncoding = 4;
			isa = PBXFileReference;
			lastKnownFileType = sourcecode.c.objc;
			path = MHComboBoxDelegate.m;
			refType = 4;
			sourceTree = "<group>";
		};
		9EA92E80042866B9004D7902 = {
			fileRef = 9EA92E7E042866B9004D7902;
			isa = PBXBuildFile;
			settings = {
			};
		};
		9EA92E81042866B9004D7902 = {
			fileRef = 9EA92E7F042866B9004D7902;
			isa = PBXBuildFile;
			settings = {
			};
		};
		9EB3F7660430985600924C02 = {
			isa = PBXFileReference;
			lastKnownFileType = image.icns;
			path = MagicHat.icns;
			refType = 4;
			sourceTree = "<group>";
		};
		9EB3F7670430985600924C02 = {
			fileRef = 9EB3F7660430985600924C02;
			isa = PBXBuildFile;
			settings = {
			};
		};
		9EC829DA0427AC7E00222BE0 = {
			isa = PBXFileReference;
			lastKnownFileType = image.tiff;
			path = MagicHat.tiff;
			refType = 4;
			sourceTree = "<group>";
		};
		9EC829DB0427AC7E00222BE0 = {
			fileRef = 9EC829DA0427AC7E00222BE0;
			isa = PBXBuildFile;
			settings = {
			};
		};
		9ECB6EE2042A008400000107 = {
			fileEncoding = 4;
			isa = PBXFileReference;
			lastKnownFileType = sourcecode.c.h;
			path = MHOpenPanel.h;
			refType = 4;
			sourceTree = "<group>";
		};
		9ECB6EE3042A008400000107 = {
			fileEncoding = 4;
			isa = PBXFileReference;
			lastKnownFileType = sourcecode.c.objc;
			path = MHOpenPanel.m;
			refType = 4;
			sourceTree = "<group>";
		};
		9ECB6EE4042A008400000107 = {
			fileRef = 9ECB6EE2042A008400000107;
			isa = PBXBuildFile;
			settings = {
			};
		};
		9ECB6EE5042A008400000107 = {
			fileRef = 9ECB6EE3042A008400000107;
			isa = PBXBuildFile;
			settings = {
			};
		};
		9ECB6EED042A263800000107 = {
			fileEncoding = 4;
			isa = PBXFileReference;
			lastKnownFileType = sourcecode.c.h;
			path = MHDrawer.h;
			refType = 4;
			sourceTree = "<group>";
		};
		9ECB6EEE042A263800000107 = {
			fileEncoding = 4;
			isa = PBXFileReference;
			lastKnownFileType = sourcecode.c.objc;
			path = MHDrawer.m;
			refType = 4;
			sourceTree = "<group>";
		};
		9ECB6EEF042A263800000107 = {
			fileRef = 9ECB6EED042A263800000107;
			isa = PBXBuildFile;
			settings = {
			};
		};
		9ECB6EF0042A263800000107 = {
			fileRef = 9ECB6EEE042A263800000107;
			isa = PBXBuildFile;
			settings = {
			};
		};
		9EDC01BD042879E2008BF40E = {
			children = (
				9EDC01C104287A11008BF40E,
				9EDC01BF04287A11008BF40E,
				9E9812540429C98700000107,
				9E9812530429C98700000107,
				9EDC01C204287A11008BF40E,
				9EDC01C004287A11008BF40E,
				9EDC01CA04287A2B008BF40E,
				9EDC01CD04287A2B008BF40E,
				9EDC01CF04287A2B008BF40E,
				9EDC01CE04287A2B008BF40E,
				9EDC01CC04287A2B008BF40E,
				9EDC01CB04287A2B008BF40E,
			);
			isa = PBXGroup;
			name = RuntimeUI;
			refType = 4;
			sourceTree = "<group>";
		};
		9EDC01BF04287A11008BF40E = {
			fileEncoding = 30;
			isa = PBXFileReference;
			lastKnownFileType = sourcecode.c.objc;
			path = SZAbstractMethodDescriptorAdditions.m;
			refType = 4;
			sourceTree = "<group>";
		};
		9EDC01C004287A11008BF40E = {
			fileEncoding = 30;
			isa = PBXFileReference;
			lastKnownFileType = sourcecode.c.objc;
			path = SZClassDescriptorAdditions.m;
			refType = 2;
			sourceTree = SOURCE_ROOT;
		};
		9EDC01C104287A11008BF40E = {
			fileEncoding = 30;
			isa = PBXFileReference;
			lastKnownFileType = sourcecode.c.h;
			path = SZAbstractMethodDescriptorAdditions.h;
			refType = 4;
			sourceTree = "<group>";
		};
		9EDC01C204287A11008BF40E = {
			fileEncoding = 30;
			isa = PBXFileReference;
			lastKnownFileType = sourcecode.c.h;
			path = SZClassDescriptorAdditions.h;
			refType = 2;
			sourceTree = SOURCE_ROOT;
		};
		9EDC01C504287A11008BF40E = {
			fileRef = 9EDC01BF04287A11008BF40E;
			isa = PBXBuildFile;
			settings = {
			};
		};
		9EDC01C604287A11008BF40E = {
			fileRef = 9EDC01C004287A11008BF40E;
			isa = PBXBuildFile;
			settings = {
			};
		};
		9EDC01C704287A11008BF40E = {
			fileRef = 9EDC01C104287A11008BF40E;
			isa = PBXBuildFile;
			settings = {
			};
		};
		9EDC01C804287A11008BF40E = {
			fileRef = 9EDC01C204287A11008BF40E;
			isa = PBXBuildFile;
			settings = {
			};
		};
		9EDC01CA04287A2B008BF40E = {
			fileEncoding = 30;
			isa = PBXFileReference;
			lastKnownFileType = sourcecode.c.h;
			path = SZFrameworkDescriptorAdditions.h;
			refType = 2;
			sourceTree = SOURCE_ROOT;
		};
		9EDC01CB04287A2B008BF40E = {
			fileEncoding = 30;
			isa = PBXFileReference;
			lastKnownFileType = sourcecode.c.objc;
			path = SZVariableDescriptorAdditions.m;
			refType = 2;
			sourceTree = SOURCE_ROOT;
		};
		9EDC01CC04287A2B008BF40E = {
			fileEncoding = 30;
			isa = PBXFileReference;
			lastKnownFileType = sourcecode.c.h;
			path = SZVariableDescriptorAdditions.h;
			refType = 2;
			sourceTree = SOURCE_ROOT;
		};
		9EDC01CD04287A2B008BF40E = {
			fileEncoding = 30;
			isa = PBXFileReference;
			lastKnownFileType = sourcecode.c.objc;
			path = SZFrameworkDescriptorAdditions.m;
			refType = 2;
			sourceTree = SOURCE_ROOT;
		};
		9EDC01CE04287A2B008BF40E = {
			fileEncoding = 30;
			isa = PBXFileReference;
			lastKnownFileType = sourcecode.c.objc;
			path = SZProtocolDescriptorAdditions.m;
			refType = 2;
			sourceTree = SOURCE_ROOT;
		};
		9EDC01CF04287A2B008BF40E = {
			fileEncoding = 30;
			isa = PBXFileReference;
			lastKnownFileType = sourcecode.c.h;
			path = SZProtocolDescriptorAdditions.h;
			refType = 2;
			sourceTree = SOURCE_ROOT;
		};
		9EDC01D004287A2B008BF40E = {
			fileRef = 9EDC01CA04287A2B008BF40E;
			isa = PBXBuildFile;
			settings = {
			};
		};
		9EDC01D104287A2B008BF40E = {
			fileRef = 9EDC01CB04287A2B008BF40E;
			isa = PBXBuildFile;
			settings = {
			};
		};
		9EDC01D204287A2B008BF40E = {
			fileRef = 9EDC01CC04287A2B008BF40E;
			isa = PBXBuildFile;
			settings = {
			};
		};
		9EDC01D304287A2B008BF40E = {
			fileRef = 9EDC01CD04287A2B008BF40E;
			isa = PBXBuildFile;
			settings = {
			};
		};
		9EDC01D404287A2B008BF40E = {
			fileRef = 9EDC01CE04287A2B008BF40E;
			isa = PBXBuildFile;
			settings = {
			};
		};
		9EDC01D504287A2B008BF40E = {
			fileRef = 9EDC01CF04287A2B008BF40E;
			isa = PBXBuildFile;
			settings = {
			};
		};
		9EDC01D604287A5D008BF40E = {
			fileEncoding = 30;
			isa = PBXFileReference;
			lastKnownFileType = sourcecode.c.objc;
			path = NSMutableAttributedStringAdditions.m;
			refType = 2;
			sourceTree = SOURCE_ROOT;
		};
		9EDC01D704287A5D008BF40E = {
			fileEncoding = 30;
			isa = PBXFileReference;
			lastKnownFileType = sourcecode.c.h;
			path = NSMutableAttributedStringAdditions.h;
			refType = 2;
			sourceTree = SOURCE_ROOT;
		};
		9EDC01D804287A5D008BF40E = {
			fileEncoding = 30;
			isa = PBXFileReference;
			lastKnownFileType = sourcecode.c.objc;
			path = NSTextViewAdditions.m;
			refType = 2;
			sourceTree = SOURCE_ROOT;
		};
		9EDC01D904287A5D008BF40E = {
			fileEncoding = 30;
			isa = PBXFileReference;
			lastKnownFileType = sourcecode.c.h;
			path = NSTextViewAdditions.h;
			refType = 2;
			sourceTree = SOURCE_ROOT;
		};
		9EDC01DA04287A5D008BF40E = {
			fileRef = 9EDC01D604287A5D008BF40E;
			isa = PBXBuildFile;
			settings = {
			};
		};
		9EDC01DB04287A5D008BF40E = {
			fileRef = 9EDC01D704287A5D008BF40E;
			isa = PBXBuildFile;
			settings = {
			};
		};
		9EDC01DC04287A5D008BF40E = {
			fileRef = 9EDC01D804287A5D008BF40E;
			isa = PBXBuildFile;
			settings = {
			};
		};
		9EDC01DD04287A5D008BF40E = {
			fileRef = 9EDC01D904287A5D008BF40E;
			isa = PBXBuildFile;
			settings = {
			};
		};
		9EDC05520428806E008BF40E = {
			fileEncoding = 4;
			isa = PBXFileReference;
			lastKnownFileType = sourcecode.c.h;
			path = MHTextViewDelegate.h;
			refType = 4;
			sourceTree = "<group>";
		};
		9EDC05530428806E008BF40E = {
			fileEncoding = 4;
			isa = PBXFileReference;
			lastKnownFileType = sourcecode.c.objc;
			path = MHTextViewDelegate.m;
			refType = 4;
			sourceTree = "<group>";
		};
		9EDC05540428806E008BF40E = {
			fileRef = 9EDC05520428806E008BF40E;
			isa = PBXBuildFile;
			settings = {
			};
		};
		9EDC05550428806E008BF40E = {
			fileRef = 9EDC05530428806E008BF40E;
			isa = PBXBuildFile;
			settings = {
			};
		};
		9EDC055604288777008BF40E = {
			isa = PBXFileReference;
			lastKnownFileType = image.tiff;
			path = InternalLink.tiff;
			refType = 4;
			sourceTree = "<group>";
		};
		9EDC055704288777008BF40E = {
			fileRef = 9EDC055604288777008BF40E;
			isa = PBXBuildFile;
			settings = {
			};
		};
		9EDC055804288783008BF40E = {
			isa = PBXFileReference;
			lastKnownFileType = image.tiff;
			path = HeaderLink.tiff;
			refType = 4;
			sourceTree = "<group>";
		};
		9EDC055904288783008BF40E = {
			fileRef = 9EDC055804288783008BF40E;
			isa = PBXBuildFile;
			settings = {
			};
		};
		9EDC055A04288792008BF40E = {
			isa = PBXFileReference;
			lastKnownFileType = image.tiff;
			path = DocumentationLink.tiff;
			refType = 4;
			sourceTree = "<group>";
		};
		9EDC055B04288792008BF40E = {
			fileRef = 9EDC055A04288792008BF40E;
			isa = PBXBuildFile;
			settings = {
			};
		};
		9EDC055C042887A0008BF40E = {
			isa = PBXFileReference;
			lastKnownFileType = image.tiff;
			path = FrameworkLink.tiff;
			refType = 4;
			sourceTree = "<group>";
		};
		9EDC055D042887A0008BF40E = {
			fileRef = 9EDC055C042887A0008BF40E;
			isa = PBXBuildFile;
			settings = {
			};
		};
		9EDC055E04289122008BF40E = {
			fileEncoding = 4;
			isa = PBXFileReference;
			lastKnownFileType = sourcecode.c.h;
			path = NSURLAdditions.h;
			refType = 4;
			sourceTree = "<group>";
		};
		9EDC055F04289122008BF40E = {
			fileEncoding = 4;
			isa = PBXFileReference;
			lastKnownFileType = sourcecode.c.objc;
			path = NSURLAdditions.m;
			refType = 4;
			sourceTree = "<group>";
		};
		9EDC056004289122008BF40E = {
			fileRef = 9EDC055E04289122008BF40E;
			isa = PBXBuildFile;
			settings = {
			};
		};
		9EDC056104289122008BF40E = {
			fileRef = 9EDC055F04289122008BF40E;
			isa = PBXBuildFile;
			settings = {
			};
		};
		9EDC056A0428B006008BF40E = {
			isa = PBXFileReference;
			lastKnownFileType = image.tiff;
			path = URLTextViewHand.tiff;
			refType = 4;
			sourceTree = "<group>";
		};
		9EDC056B0428B006008BF40E = {
			fileRef = 9EDC056A0428B006008BF40E;
			isa = PBXBuildFile;
			settings = {
			};
		};
		9EE9E05E042F46CC00000104 = {
			fileEncoding = 4;
			isa = PBXFileReference;
			lastKnownFileType = sourcecode.c.h;
			path = SZReferenceDescriptor.h;
			refType = 4;
			sourceTree = "<group>";
		};
		9EE9E05F042F46CC00000104 = {
			fileEncoding = 4;
			isa = PBXFileReference;
			lastKnownFileType = sourcecode.c.objc;
			path = SZReferenceDescriptor.m;
			refType = 4;
			sourceTree = "<group>";
		};
		9EE9E060042F46CC00000104 = {
			fileRef = 9EE9E05E042F46CC00000104;
			isa = PBXBuildFile;
			settings = {
			};
		};
		9EE9E061042F46CC00000104 = {
			fileRef = 9EE9E05F042F46CC00000104;
			isa = PBXBuildFile;
			settings = {
			};
		};
	};
	rootObject = 29B97313FDCFA39411CA2CEA;
}
